lockfileVersion: '9.0'

settings:
  autoInstallPeers: true
  excludeLinksFromLockfile: false

importers:

  .:
    dependencies:
      nodemailer:
        specifier: ^6.9.14
        version: 6.9.14
      poolifier:
        specifier: ^4.1.0
        version: 4.1.0
    devDependencies:
      '@types/node':
        specifier: ^22.0.2
        version: 22.0.2
      '@types/nodemailer':
        specifier: ^6.4.15
        version: 6.4.15
      typescript:
        specifier: ^5.5.4
        version: 5.5.4

packages:

  '@types/node@22.0.2':
    resolution: {integrity: sha512-yPL6DyFwY5PiMVEwymNeqUTKsDczQBJ/5T7W/46RwLU/VH+AA8aT5TZkvBviLKLbbm0hlfftEkGrNzfRk/fofQ==}

  '@types/nodemailer@6.4.15':
    resolution: {integrity: sha512-0EBJxawVNjPkng1zm2vopRctuWVCxk34JcIlRuXSf54habUWdz1FB7wHDqOqvDa8Mtpt0Q3LTXQkAs2LNyK5jQ==}

  nodemailer@6.9.14:
    resolution: {integrity: sha512-Dobp/ebDKBvz91sbtRKhcznLThrKxKt97GI2FAlAyy+fk19j73Uz3sBXolVtmcXjaorivqsbbbjDY+Jkt4/bQA==}
    engines: {node: '>=6.0.0'}

  poolifier@4.1.0:
    resolution: {integrity: sha512-BKFOreJX/PINEwanfJPCRZ6I2DO59tzwAx+mamKgmz9YjgXlYsMO8WLd3Xkr2cNr0z6WbA03XGQ10sH6y9iizg==}
    engines: {node: '>=18.0.0', pnpm: '>=9.0.0'}

  typescript@5.5.4:
    resolution: {integrity: sha512-Mtq29sKDAEYP7aljRgtPOpTvOfbwRWlS6dPRzwjdE+C0R4brX/GUyhHSecbHMFLNBLcJIPt9nl9yG5TZ1weH+Q==}
    engines: {node: '>=14.17'}
    hasBin: true

  undici-types@6.11.1:
    resolution: {integrity: sha512-mIDEX2ek50x0OlRgxryxsenE5XaQD4on5U2inY7RApK3SOJpofyw7uW2AyfMKkhAxXIceo2DeWGVGwyvng1GNQ==}

snapshots:

  '@types/node@22.0.2':
    dependencies:
      undici-types: 6.11.1

  '@types/nodemailer@6.4.15':
    dependencies:
      '@types/node': 22.0.2

  nodemailer@6.9.14: {}

  poolifier@4.1.0: {}

  typescript@5.5.4: {}

  undici-types@6.11.1: {}
