lockfileVersion: '6.0'

settings:
  autoInstallPeers: true
  excludeLinksFromLockfile: false

dependencies:
  nodemailer:
    specifier: ^6.9.8
    version: 6.9.8
  poolifier:
    specifier: ^3.1.18
    version: 3.1.18

devDependencies:
  '@types/node':
    specifier: ^20.10.8
    version: 20.10.8
  '@types/nodemailer':
    specifier: ^6.4.14
    version: 6.4.14
  typescript:
    specifier: ^5.3.3
    version: 5.3.3

packages:

  /@types/node@20.10.8:
    resolution: {integrity: sha512-f8nQs3cLxbAFc00vEU59yf9UyGUftkPaLGfvbVOIDdx2i1b8epBqj2aNGyP19fiyXWvlmZ7qC1XLjAzw/OKIeA==}
    dependencies:
      undici-types: 5.26.5
    dev: true

  /@types/nodemailer@6.4.14:
    resolution: {integrity: sha512-fUWthHO9k9DSdPCSPRqcu6TWhYyxTBg382vlNIttSe9M7XfsT06y0f24KHXtbnijPGGRIcVvdKHTNikOI6qiHA==}
    dependencies:
      '@types/node': 20.10.8
    dev: true

  /nodemailer@6.9.8:
    resolution: {integrity: sha512-cfrYUk16e67Ks051i4CntM9kshRYei1/o/Gi8K1d+R34OIs21xdFnW7Pt7EucmVKA0LKtqUGNcjMZ7ehjl49mQ==}
    engines: {node: '>=6.0.0'}
    dev: false

  /poolifier@3.1.18:
    resolution: {integrity: sha512-g+TtkVp5oOOZAa1ibTJBOksstPiAp+jAsHMaQMR6TxIVFm4uqpifGCI2qXonBU1p5WIZbVU+kpk9S3bbyCeHCw==}
    engines: {node: '>=18.0.0', pnpm: '>=8.6.0'}
    requiresBuild: true
    dev: false

  /typescript@5.3.3:
    resolution: {integrity: sha512-pXWcraxM0uxAS+tN0AG/BF2TyqmHO014Z070UsJ+pFvYuRSq8KH8DmWpnbXe0pEPDHXZV3FcAbJkijJ5oNEnWw==}
    engines: {node: '>=14.17'}
    hasBin: true
    dev: true

  /undici-types@5.26.5:
    resolution: {integrity: sha512-JlCMO+ehdEIKqlFxk6IfVoAUVmgz7cU7zD/h9XZ0qzeosSHmUJVOzSQvvYSYWXkFXC+IfLKSIffhv0sVZup6pA==}
    dev: true
