lockfileVersion: '9.0'

settings:
  autoInstallPeers: true
  excludeLinksFromLockfile: false

importers:

  .:
    dependencies:
      nodemailer:
        specifier: ^6.9.14
        version: 6.9.14
      poolifier:
        specifier: ^4.2.9
        version: 4.2.9
    devDependencies:
      '@types/node':
        specifier: ^22.5.2
        version: 22.5.2
      '@types/nodemailer':
        specifier: ^6.4.15
        version: 6.4.15
      typescript:
        specifier: ^5.5.4
        version: 5.5.4

packages:

  '@types/node@22.5.2':
    resolution: {integrity: sha512-acJsPTEqYqulZS/Yp/S3GgeE6GZ0qYODUR8aVr/DkhHQ8l9nd4j5x1/ZJy9/gHrRlFMqkO6i0I3E27Alu4jjPg==}

  '@types/nodemailer@6.4.15':
    resolution: {integrity: sha512-0EBJxawVNjPkng1zm2vopRctuWVCxk34JcIlRuXSf54habUWdz1FB7wHDqOqvDa8Mtpt0Q3LTXQkAs2LNyK5jQ==}

  nodemailer@6.9.14:
    resolution: {integrity: sha512-Dobp/ebDKBvz91sbtRKhcznLThrKxKt97GI2FAlAyy+fk19j73Uz3sBXolVtmcXjaorivqsbbbjDY+Jkt4/bQA==}
    engines: {node: '>=6.0.0'}

  poolifier@4.2.9:
    resolution: {integrity: sha512-uAOXQ6CXiLZwMEMiG+VayDTGRTdjKejapPOa0wHcYDatLmvfqCELpHuQv+dRfgQiiR3wiZobZ4l1zgz9+IwYBg==}
    engines: {node: '>=18.0.0', pnpm: '>=9.0.0'}

  typescript@5.5.4:
    resolution: {integrity: sha512-Mtq29sKDAEYP7aljRgtPOpTvOfbwRWlS6dPRzwjdE+C0R4brX/GUyhHSecbHMFLNBLcJIPt9nl9yG5TZ1weH+Q==}
    engines: {node: '>=14.17'}
    hasBin: true

  undici-types@6.19.8:
    resolution: {integrity: sha512-ve2KP6f/JnbPBFyobGHuerC9g1FYGn/F8n1LWTwNxCEzd6IfqTwUQcNXgEtmmQ6DlRrC1hrSrBnCZPokRrDHjw==}

snapshots:

  '@types/node@22.5.2':
    dependencies:
      undici-types: 6.19.8

  '@types/nodemailer@6.4.15':
    dependencies:
      '@types/node': 22.5.2

  nodemailer@6.9.14: {}

  poolifier@4.2.9: {}

  typescript@5.5.4: {}

  undici-types@6.19.8: {}
