lockfileVersion: '9.0'

settings:
  autoInstallPeers: true
  excludeLinksFromLockfile: false

importers:

  .:
    dependencies:
      poolifier:
        specifier: ^4.4.5
        version: 4.4.5
      ws:
        specifier: ^8.18.2
        version: 8.18.2(bufferutil@4.0.9)(utf-8-validate@6.0.5)
    devDependencies:
      '@rollup/plugin-typescript':
        specifier: ^12.1.2
        version: 12.1.2(rollup@4.40.2)(tslib@2.8.1)(typescript@5.8.3)
      '@types/node':
        specifier: ^22.15.17
        version: 22.15.17
      '@types/ws':
        specifier: ^8.18.1
        version: 8.18.1
      rollup:
        specifier: ^4.40.2
        version: 4.40.2
      rollup-plugin-delete:
        specifier: ^3.0.1
        version: 3.0.1(rollup@4.40.2)
      tslib:
        specifier: ^2.8.1
        version: 2.8.1
      typescript:
        specifier: ^5.8.3
        version: 5.8.3
    optionalDependencies:
      bufferutil:
        specifier: ^4.0.9
        version: 4.0.9
      utf-8-validate:
        specifier: ^6.0.5
        version: 6.0.5

packages:

  '@nodelib/fs.scandir@2.1.5':
    resolution: {integrity: sha512-vq24Bq3ym5HEQm2NKCr3yXDwjc7vTsEThRDnkp2DK9p1uqLR+DHurm/NOTo0KG7HYHU7eppKZj3MyqYuMBf62g==}
    engines: {node: '>= 8'}

  '@nodelib/fs.stat@2.0.5':
    resolution: {integrity: sha512-RkhPPp2zrqDAQA/2jNhnztcPAlv64XdhIp7a7454A5ovI7Bukxgt7MX7udwAu3zg1DcpPU0rz3VV1SeaqvY4+A==}
    engines: {node: '>= 8'}

  '@nodelib/fs.walk@1.2.8':
    resolution: {integrity: sha512-oGB+UxlgWcgQkgwo8GcEGwemoTFt3FIO9ababBmaGwXIoBKZ+GTy0pP185beGg7Llih/NSHSV2XAs1lnznocSg==}
    engines: {node: '>= 8'}

  '@rollup/plugin-typescript@12.1.2':
    resolution: {integrity: sha512-cdtSp154H5sv637uMr1a8OTWB0L1SWDSm1rDGiyfcGcvQ6cuTs4MDk2BVEBGysUWago4OJN4EQZqOTl/QY3Jgg==}
    engines: {node: '>=14.0.0'}
    peerDependencies:
      rollup: ^2.14.0||^3.0.0||^4.0.0
      tslib: '*'
      typescript: '>=3.7.0'
    peerDependenciesMeta:
      rollup:
        optional: true
      tslib:
        optional: true

  '@rollup/pluginutils@5.1.4':
    resolution: {integrity: sha512-USm05zrsFxYLPdWWq+K3STlWiT/3ELn3RcV5hJMghpeAIhxfsUIg6mt12CBJBInWMV4VneoV7SfGv8xIwo2qNQ==}
    engines: {node: '>=14.0.0'}
    peerDependencies:
      rollup: ^1.20.0||^2.0.0||^3.0.0||^4.0.0
    peerDependenciesMeta:
      rollup:
        optional: true

  '@rollup/rollup-android-arm-eabi@4.40.2':
    resolution: {integrity: sha512-JkdNEq+DFxZfUwxvB58tHMHBHVgX23ew41g1OQinthJ+ryhdRk67O31S7sYw8u2lTjHUPFxwar07BBt1KHp/hg==}
    cpu: [arm]
    os: [android]

  '@rollup/rollup-android-arm64@4.40.2':
    resolution: {integrity: sha512-13unNoZ8NzUmnndhPTkWPWbX3vtHodYmy+I9kuLxN+F+l+x3LdVF7UCu8TWVMt1POHLh6oDHhnOA04n8oJZhBw==}
    cpu: [arm64]
    os: [android]

  '@rollup/rollup-darwin-arm64@4.40.2':
    resolution: {integrity: sha512-Gzf1Hn2Aoe8VZzevHostPX23U7N5+4D36WJNHK88NZHCJr7aVMG4fadqkIf72eqVPGjGc0HJHNuUaUcxiR+N/w==}
    cpu: [arm64]
    os: [darwin]

  '@rollup/rollup-darwin-x64@4.40.2':
    resolution: {integrity: sha512-47N4hxa01a4x6XnJoskMKTS8XZ0CZMd8YTbINbi+w03A2w4j1RTlnGHOz/P0+Bg1LaVL6ufZyNprSg+fW5nYQQ==}
    cpu: [x64]
    os: [darwin]

  '@rollup/rollup-freebsd-arm64@4.40.2':
    resolution: {integrity: sha512-8t6aL4MD+rXSHHZUR1z19+9OFJ2rl1wGKvckN47XFRVO+QL/dUSpKA2SLRo4vMg7ELA8pzGpC+W9OEd1Z/ZqoQ==}
    cpu: [arm64]
    os: [freebsd]

  '@rollup/rollup-freebsd-x64@4.40.2':
    resolution: {integrity: sha512-C+AyHBzfpsOEYRFjztcYUFsH4S7UsE9cDtHCtma5BK8+ydOZYgMmWg1d/4KBytQspJCld8ZIujFMAdKG1xyr4Q==}
    cpu: [x64]
    os: [freebsd]

  '@rollup/rollup-linux-arm-gnueabihf@4.40.2':
    resolution: {integrity: sha512-de6TFZYIvJwRNjmW3+gaXiZ2DaWL5D5yGmSYzkdzjBDS3W+B9JQ48oZEsmMvemqjtAFzE16DIBLqd6IQQRuG9Q==}
    cpu: [arm]
    os: [linux]

  '@rollup/rollup-linux-arm-musleabihf@4.40.2':
    resolution: {integrity: sha512-urjaEZubdIkacKc930hUDOfQPysezKla/O9qV+O89enqsqUmQm8Xj8O/vh0gHg4LYfv7Y7UsE3QjzLQzDYN1qg==}
    cpu: [arm]
    os: [linux]

  '@rollup/rollup-linux-arm64-gnu@4.40.2':
    resolution: {integrity: sha512-KlE8IC0HFOC33taNt1zR8qNlBYHj31qGT1UqWqtvR/+NuCVhfufAq9fxO8BMFC22Wu0rxOwGVWxtCMvZVLmhQg==}
    cpu: [arm64]
    os: [linux]

  '@rollup/rollup-linux-arm64-musl@4.40.2':
    resolution: {integrity: sha512-j8CgxvfM0kbnhu4XgjnCWJQyyBOeBI1Zq91Z850aUddUmPeQvuAy6OiMdPS46gNFgy8gN1xkYyLgwLYZG3rBOg==}
    cpu: [arm64]
    os: [linux]

  '@rollup/rollup-linux-loongarch64-gnu@4.40.2':
    resolution: {integrity: sha512-Ybc/1qUampKuRF4tQXc7G7QY9YRyeVSykfK36Y5Qc5dmrIxwFhrOzqaVTNoZygqZ1ZieSWTibfFhQ5qK8jpWxw==}
    cpu: [loong64]
    os: [linux]

  '@rollup/rollup-linux-powerpc64le-gnu@4.40.2':
    resolution: {integrity: sha512-3FCIrnrt03CCsZqSYAOW/k9n625pjpuMzVfeI+ZBUSDT3MVIFDSPfSUgIl9FqUftxcUXInvFah79hE1c9abD+Q==}
    cpu: [ppc64]
    os: [linux]

  '@rollup/rollup-linux-riscv64-gnu@4.40.2':
    resolution: {integrity: sha512-QNU7BFHEvHMp2ESSY3SozIkBPaPBDTsfVNGx3Xhv+TdvWXFGOSH2NJvhD1zKAT6AyuuErJgbdvaJhYVhVqrWTg==}
    cpu: [riscv64]
    os: [linux]

  '@rollup/rollup-linux-riscv64-musl@4.40.2':
    resolution: {integrity: sha512-5W6vNYkhgfh7URiXTO1E9a0cy4fSgfE4+Hl5agb/U1sa0kjOLMLC1wObxwKxecE17j0URxuTrYZZME4/VH57Hg==}
    cpu: [riscv64]
    os: [linux]

  '@rollup/rollup-linux-s390x-gnu@4.40.2':
    resolution: {integrity: sha512-B7LKIz+0+p348JoAL4X/YxGx9zOx3sR+o6Hj15Y3aaApNfAshK8+mWZEf759DXfRLeL2vg5LYJBB7DdcleYCoQ==}
    cpu: [s390x]
    os: [linux]

  '@rollup/rollup-linux-x64-gnu@4.40.2':
    resolution: {integrity: sha512-lG7Xa+BmBNwpjmVUbmyKxdQJ3Q6whHjMjzQplOs5Z+Gj7mxPtWakGHqzMqNER68G67kmCX9qX57aRsW5V0VOng==}
    cpu: [x64]
    os: [linux]

  '@rollup/rollup-linux-x64-musl@4.40.2':
    resolution: {integrity: sha512-tD46wKHd+KJvsmije4bUskNuvWKFcTOIM9tZ/RrmIvcXnbi0YK/cKS9FzFtAm7Oxi2EhV5N2OpfFB348vSQRXA==}
    cpu: [x64]
    os: [linux]

  '@rollup/rollup-win32-arm64-msvc@4.40.2':
    resolution: {integrity: sha512-Bjv/HG8RRWLNkXwQQemdsWw4Mg+IJ29LK+bJPW2SCzPKOUaMmPEppQlu/Fqk1d7+DX3V7JbFdbkh/NMmurT6Pg==}
    cpu: [arm64]
    os: [win32]

  '@rollup/rollup-win32-ia32-msvc@4.40.2':
    resolution: {integrity: sha512-dt1llVSGEsGKvzeIO76HToiYPNPYPkmjhMHhP00T9S4rDern8P2ZWvWAQUEJ+R1UdMWJ/42i/QqJ2WV765GZcA==}
    cpu: [ia32]
    os: [win32]

  '@rollup/rollup-win32-x64-msvc@4.40.2':
    resolution: {integrity: sha512-bwspbWB04XJpeElvsp+DCylKfF4trJDa2Y9Go8O6A7YLX2LIKGcNK/CYImJN6ZP4DcuOHB4Utl3iCbnR62DudA==}
    cpu: [x64]
    os: [win32]

  '@sindresorhus/merge-streams@2.3.0':
    resolution: {integrity: sha512-LtoMMhxAlorcGhmFYI+LhPgbPZCkgP6ra1YL604EeF6U98pLlQ3iWIGMdWSC+vWmPBWBNgmDBAhnAobLROJmwg==}
    engines: {node: '>=18'}

  '@types/estree@1.0.7':
    resolution: {integrity: sha512-w28IoSUCJpidD/TGviZwwMJckNESJZXFu7NBZ5YJ4mEUnNraUn9Pm8HSZm/jDF1pDWYKspWE7oVphigUPRakIQ==}

  '@types/node@22.15.17':
    resolution: {integrity: sha512-wIX2aSZL5FE+MR0JlvF87BNVrtFWf6AE6rxSE9X7OwnVvoyCQjpzSRJ+M87se/4QCkCiebQAqrJ0y6fwIyi7nw==}

  '@types/ws@8.18.1':
    resolution: {integrity: sha512-ThVF6DCVhA8kUGy+aazFQ4kXQ7E1Ty7A3ypFOe0IcJV8O/M511G99AW24irKrW56Wt44yG9+ij8FaqoBGkuBXg==}

  braces@3.0.3:
    resolution: {integrity: sha512-yQbXgO/OSZVD2IsiLlro+7Hf6Q18EJrKSEsdoMzKePKXct3gvD8oLcOQdIzGupr5Fj+EDe8gO/lxc1BzfMpxvA==}
    engines: {node: '>=8'}

  bufferutil@4.0.9:
    resolution: {integrity: sha512-WDtdLmJvAuNNPzByAYpRo2rF1Mmradw6gvWsQKf63476DDXmomT9zUiGypLcG4ibIM67vhAj8jJRdbmEws2Aqw==}
    engines: {node: '>=6.14.2'}

  del@8.0.0:
    resolution: {integrity: sha512-R6ep6JJ+eOBZsBr9esiNN1gxFbZE4Q2cULkUSFumGYecAiS6qodDvcPx/sFuWHMNul7DWmrtoEOpYSm7o6tbSA==}
    engines: {node: '>=18'}

  estree-walker@2.0.2:
    resolution: {integrity: sha512-Rfkk/Mp/DL7JVje3u18FxFujQlTNR2q6QfMSMB7AvCBx91NGj/ba3kCfza0f6dVDbw7YlRf/nDrn7pQrCCyQ/w==}

  fast-glob@3.3.3:
    resolution: {integrity: sha512-7MptL8U0cqcFdzIzwOTHoilX9x5BrNqye7Z/LuC7kCMRio1EMSyqRK3BEAUD7sXRq4iT4AzTVuZdhgQ2TCvYLg==}
    engines: {node: '>=8.6.0'}

  fastq@1.19.1:
    resolution: {integrity: sha512-GwLTyxkCXjXbxqIhTsMI2Nui8huMPtnxg7krajPJAjnEG/iiOS7i+zCtWGZR9G0NBKbXKh6X9m9UIsYX/N6vvQ==}

  fill-range@7.1.1:
    resolution: {integrity: sha512-YsGpe3WHLK8ZYi4tWDg2Jy3ebRz2rXowDxnld4bkQB00cc/1Zw9AWnC0i9ztDJitivtQvaI9KaLyKrc+hBW0yg==}
    engines: {node: '>=8'}

  fsevents@2.3.3:
    resolution: {integrity: sha512-5xoDfX+fL7faATnagmWPpbFtwh/R77WmMMqqHGS65C3vvB0YHrgF+B1YmZ3441tMj5n63k0212XNoJwzlhffQw==}
    engines: {node: ^8.16.0 || ^10.6.0 || >=11.0.0}
    os: [darwin]

  function-bind@1.1.2:
    resolution: {integrity: sha512-7XHNxH7qX9xG5mIwxkhumTox/MIRNcOgDrxWsMt2pAr23WHp6MrRlN7FBSFpCpr+oVO0F744iUgR82nJMfG2SA==}

  glob-parent@5.1.2:
    resolution: {integrity: sha512-AOIgSQCepiJYwP3ARnGx+5VnTu2HBYdzbGP45eLw1vr3zB3vZLeyed1sC9hnbcOc9/SrMyM5RPQrkGz4aS9Zow==}
    engines: {node: '>= 6'}

  globby@14.1.0:
    resolution: {integrity: sha512-0Ia46fDOaT7k4og1PDW4YbodWWr3scS2vAr2lTbsplOt2WkKp0vQbkI9wKis/T5LV/dqPjO3bpS/z6GTJB82LA==}
    engines: {node: '>=18'}

  hasown@2.0.2:
    resolution: {integrity: sha512-0hJU9SCPvmMzIBdZFqNPXWa6dqh7WdH0cII9y+CyS8rG3nL48Bclra9HmKhVVUHyPWNH5Y7xDwAB7bfgSjkUMQ==}
    engines: {node: '>= 0.4'}

  ignore@7.0.4:
    resolution: {integrity: sha512-gJzzk+PQNznz8ysRrC0aOkBNVRBDtE1n53IqyqEf3PXrYwomFs5q4pGMizBMJF+ykh03insJ27hB8gSrD2Hn8A==}
    engines: {node: '>= 4'}

  is-core-module@2.16.1:
    resolution: {integrity: sha512-UfoeMA6fIJ8wTYFEUjelnaGI67v6+N7qXJEvQuIGa99l4xsCruSYOVSQ0uPANn4dAzm8lkYPaKLrrijLq7x23w==}
    engines: {node: '>= 0.4'}

  is-extglob@2.1.1:
    resolution: {integrity: sha512-SbKbANkN603Vi4jEZv49LeVJMn4yGwsbzZworEoyEiutsN3nJYdbO36zfhGJ6QEDpOZIFkDtnq5JRxmvl3jsoQ==}
    engines: {node: '>=0.10.0'}

  is-glob@4.0.3:
    resolution: {integrity: sha512-xelSayHH36ZgE7ZWhli7pW34hNbNl8Ojv5KVmkJD4hBdD3th8Tfk9vYasLM+mXWOZhFkgZfxhLSnrwRr4elSSg==}
    engines: {node: '>=0.10.0'}

  is-number@7.0.0:
    resolution: {integrity: sha512-41Cifkg6e8TylSpdtTpeLVMqvSBEVzTttHvERD741+pnZ8ANv0004MRL43QKPDlK9cGvNp6NZWZUBlbGXYxxng==}
    engines: {node: '>=0.12.0'}

  is-path-cwd@3.0.0:
    resolution: {integrity: sha512-kyiNFFLU0Ampr6SDZitD/DwUo4Zs1nSdnygUBqsu3LooL00Qvb5j+UnvApUn/TTj1J3OuE6BTdQ5rudKmU2ZaA==}
    engines: {node: ^12.20.0 || ^14.13.1 || >=16.0.0}

  is-path-inside@4.0.0:
    resolution: {integrity: sha512-lJJV/5dYS+RcL8uQdBDW9c9uWFLLBNRyFhnAKXw5tVqLlKZ4RMGZKv+YQ/IA3OhD+RpbJa1LLFM1FQPGyIXvOA==}
    engines: {node: '>=12'}

  merge2@1.4.1:
    resolution: {integrity: sha512-8q7VEgMJW4J8tcfVPy8g09NcQwZdbwFEqhe/WZkoIzjn/3TGDwtOCYtXGxA3O8tPzpczCCDgv+P2P5y00ZJOOg==}
    engines: {node: '>= 8'}

  micromatch@4.0.8:
    resolution: {integrity: sha512-PXwfBhYu0hBCPw8Dn0E+WDYb7af3dSLVWKi3HGv84IdF4TyFoC0ysxFd0Goxw7nSv4T/PzEJQxsYsEiFCKo2BA==}
    engines: {node: '>=8.6'}

  node-gyp-build@4.8.4:
    resolution: {integrity: sha512-LA4ZjwlnUblHVgq0oBF3Jl/6h/Nvs5fzBLwdEF4nuxnFdsfajde4WfxtJr3CaiH+F6ewcIB/q4jQ4UzPyid+CQ==}
    hasBin: true

  p-map@7.0.3:
    resolution: {integrity: sha512-VkndIv2fIB99swvQoA65bm+fsmt6UNdGeIB0oxBs+WhAhdh08QA04JXpI7rbB9r08/nkbysKoya9rtDERYOYMA==}
    engines: {node: '>=18'}

  path-parse@1.0.7:
    resolution: {integrity: sha512-LDJzPVEEEPR+y48z93A0Ed0yXb8pAByGWo/k5YYdYgpY2/2EsOsksJrq7lOHxryrVOn1ejG6oAp8ahvOIQD8sw==}

  path-type@6.0.0:
    resolution: {integrity: sha512-Vj7sf++t5pBD637NSfkxpHSMfWaeig5+DKWLhcqIYx6mWQz5hdJTGDVMQiJcw1ZYkhs7AazKDGpRVji1LJCZUQ==}
    engines: {node: '>=18'}

  picomatch@2.3.1:
    resolution: {integrity: sha512-JU3teHTNjmE2VCGFzuY8EXzCDVwEqB2a8fsIvwaStHhAWJEeVd1o1QD80CU6+ZdEXXSLbSsuLwJjkCBWqRQUVA==}
    engines: {node: '>=8.6'}

  picomatch@4.0.2:
    resolution: {integrity: sha512-M7BAV6Rlcy5u+m6oPhAPFgJTzAioX/6B0DxyvDlo9l8+T3nLKbrczg2WLUyzd45L8RqfUMyGPzekbMvX2Ldkwg==}
    engines: {node: '>=12'}

  poolifier@4.4.5:
    resolution: {integrity: sha512-4DxdX11+x1D3/zBuNqblFPYwngPKnXVEbhO1cS4T/8ogCwbWp8CS6kp2zm9uJHVbQh6OOaWuVDNiqbr/Sq/YPA==}
    engines: {node: '>=18.0.0', pnpm: '>=9.0.0'}

  queue-microtask@1.2.3:
    resolution: {integrity: sha512-NuaNSa6flKT5JaSYQzJok04JzTL1CA6aGhv5rfLW3PgqA+M2ChpZQnAC8h8i4ZFkBS8X5RqkDBHA7r4hej3K9A==}

  resolve@1.22.10:
    resolution: {integrity: sha512-NPRy+/ncIMeDlTAsuqwKIiferiawhefFJtkNSW0qZJEqMEb+qBt/77B/jGeeek+F0uOeN05CDa6HXbbIgtVX4w==}
    engines: {node: '>= 0.4'}
    hasBin: true

  reusify@1.1.0:
    resolution: {integrity: sha512-g6QUff04oZpHs0eG5p83rFLhHeV00ug/Yf9nZM6fLeUrPguBTkTQOdpAWWspMh55TZfVQDPaN3NQJfbVRAxdIw==}
    engines: {iojs: '>=1.0.0', node: '>=0.10.0'}

  rollup-plugin-delete@3.0.1:
    resolution: {integrity: sha512-4tyijMQFwSDLA04DAHwbI2TrRwPiRwAqBQ17dxyr9CgHeHXLdgk8IDVWHFWPrL3UZJWrAmHohQ2MgmVghQDrlg==}
    engines: {node: '>=18'}
    peerDependencies:
      rollup: '*'

  rollup@4.40.2:
    resolution: {integrity: sha512-tfUOg6DTP4rhQ3VjOO6B4wyrJnGOX85requAXvqYTHsOgb2TFJdZ3aWpT8W2kPoypSGP7dZUyzxJ9ee4buM5Fg==}
    engines: {node: '>=18.0.0', npm: '>=8.0.0'}
    hasBin: true

  run-parallel@1.2.0:
    resolution: {integrity: sha512-5l4VyZR86LZ/lDxZTR6jqL8AFE2S0IFLMP26AbjsLVADxHdhB/c0GUsH+y39UfCi3dzz8OlQuPmnaJOMoDHQBA==}

  slash@5.1.0:
    resolution: {integrity: sha512-ZA6oR3T/pEyuqwMgAKT0/hAv8oAXckzbkmR0UkUosQ+Mc4RxGoJkRmwHgHufaenlyAgE1Mxgpdcrf75y6XcnDg==}
    engines: {node: '>=14.16'}

  supports-preserve-symlinks-flag@1.0.0:
    resolution: {integrity: sha512-ot0WnXS9fgdkgIcePe6RHNk1WA8+muPa6cSjeR3V8K27q9BB1rTE3R1p7Hv0z1ZyAc8s6Vvv8DIyWf681MAt0w==}
    engines: {node: '>= 0.4'}

  to-regex-range@5.0.1:
    resolution: {integrity: sha512-65P7iz6X5yEr1cwcgvQxbbIw7Uk3gOy5dIdtZ4rDveLqhrdJP+Li/Hx6tyK0NEb+2GCyneCMJiGqrADCSNk8sQ==}
    engines: {node: '>=8.0'}

  tslib@2.8.1:
    resolution: {integrity: sha512-oJFu94HQb+KVduSUQL7wnpmqnfmLsOA/nAh6b6EH0wCEoK0/mPeXU6c3wKDV83MkOuHPRHtSXKKU99IBazS/2w==}

  typescript@5.8.3:
    resolution: {integrity: sha512-p1diW6TqL9L07nNxvRMM7hMMw4c5XOo/1ibL4aAIGmSAt9slTE1Xgw5KWuof2uTOvCg9BY7ZRi+GaF+7sfgPeQ==}
    engines: {node: '>=14.17'}
    hasBin: true

  undici-types@6.21.0:
    resolution: {integrity: sha512-iwDZqg0QAGrg9Rav5H4n0M64c3mkR59cJ6wQp+7C4nI0gsmExaedaYLNO44eT4AtBBwjbTiGPMlt2Md0T9H9JQ==}

  unicorn-magic@0.3.0:
    resolution: {integrity: sha512-+QBBXBCvifc56fsbuxZQ6Sic3wqqc3WWaqxs58gvJrcOuN83HGTCwz3oS5phzU9LthRNE9VrJCFCLUgHeeFnfA==}
    engines: {node: '>=18'}

  utf-8-validate@6.0.5:
    resolution: {integrity: sha512-EYZR+OpIXp9Y1eG1iueg8KRsY8TuT8VNgnanZ0uA3STqhHQTLwbl+WX76/9X5OY12yQubymBpaBSmMPkSTQcKA==}
    engines: {node: '>=6.14.2'}

  ws@8.18.2:
    resolution: {integrity: sha512-DMricUmwGZUVr++AEAe2uiVM7UoO9MAVZMDu05UQOaUII0lp+zOzLLU4Xqh/JvTqklB1T4uELaaPBKyjE1r4fQ==}
    engines: {node: '>=10.0.0'}
    peerDependencies:
      bufferutil: ^4.0.1
      utf-8-validate: '>=5.0.2'
    peerDependenciesMeta:
      bufferutil:
        optional: true
      utf-8-validate:
        optional: true

snapshots:

  '@nodelib/fs.scandir@2.1.5':
    dependencies:
      '@nodelib/fs.stat': 2.0.5
      run-parallel: 1.2.0

  '@nodelib/fs.stat@2.0.5': {}

  '@nodelib/fs.walk@1.2.8':
    dependencies:
      '@nodelib/fs.scandir': 2.1.5
      fastq: 1.19.1

  '@rollup/plugin-typescript@12.1.2(rollup@4.40.2)(tslib@2.8.1)(typescript@5.8.3)':
    dependencies:
      '@rollup/pluginutils': 5.1.4(rollup@4.40.2)
      resolve: 1.22.10
      typescript: 5.8.3
    optionalDependencies:
      rollup: 4.40.2
      tslib: 2.8.1

  '@rollup/pluginutils@5.1.4(rollup@4.40.2)':
    dependencies:
      '@types/estree': 1.0.7
      estree-walker: 2.0.2
      picomatch: 4.0.2
    optionalDependencies:
      rollup: 4.40.2

  '@rollup/rollup-android-arm-eabi@4.40.2':
    optional: true

  '@rollup/rollup-android-arm64@4.40.2':
    optional: true

  '@rollup/rollup-darwin-arm64@4.40.2':
    optional: true

  '@rollup/rollup-darwin-x64@4.40.2':
    optional: true

  '@rollup/rollup-freebsd-arm64@4.40.2':
    optional: true

  '@rollup/rollup-freebsd-x64@4.40.2':
    optional: true

  '@rollup/rollup-linux-arm-gnueabihf@4.40.2':
    optional: true

  '@rollup/rollup-linux-arm-musleabihf@4.40.2':
    optional: true

  '@rollup/rollup-linux-arm64-gnu@4.40.2':
    optional: true

  '@rollup/rollup-linux-arm64-musl@4.40.2':
    optional: true

  '@rollup/rollup-linux-loongarch64-gnu@4.40.2':
    optional: true

  '@rollup/rollup-linux-powerpc64le-gnu@4.40.2':
    optional: true

  '@rollup/rollup-linux-riscv64-gnu@4.40.2':
    optional: true

  '@rollup/rollup-linux-riscv64-musl@4.40.2':
    optional: true

  '@rollup/rollup-linux-s390x-gnu@4.40.2':
    optional: true

  '@rollup/rollup-linux-x64-gnu@4.40.2':
    optional: true

  '@rollup/rollup-linux-x64-musl@4.40.2':
    optional: true

  '@rollup/rollup-win32-arm64-msvc@4.40.2':
    optional: true

  '@rollup/rollup-win32-ia32-msvc@4.40.2':
    optional: true

  '@rollup/rollup-win32-x64-msvc@4.40.2':
    optional: true

  '@sindresorhus/merge-streams@2.3.0': {}

  '@types/estree@1.0.7': {}

  '@types/node@22.15.17':
    dependencies:
      undici-types: 6.21.0

  '@types/ws@8.18.1':
    dependencies:
      '@types/node': 22.15.17

  braces@3.0.3:
    dependencies:
      fill-range: 7.1.1

  bufferutil@4.0.9:
    dependencies:
      node-gyp-build: 4.8.4
    optional: true

  del@8.0.0:
    dependencies:
      globby: 14.1.0
      is-glob: 4.0.3
      is-path-cwd: 3.0.0
      is-path-inside: 4.0.0
      p-map: 7.0.3
      slash: 5.1.0

  estree-walker@2.0.2: {}

  fast-glob@3.3.3:
    dependencies:
      '@nodelib/fs.stat': 2.0.5
      '@nodelib/fs.walk': 1.2.8
      glob-parent: 5.1.2
      merge2: 1.4.1
      micromatch: 4.0.8

  fastq@1.19.1:
    dependencies:
      reusify: 1.1.0

  fill-range@7.1.1:
    dependencies:
      to-regex-range: 5.0.1

  fsevents@2.3.3:
    optional: true

  function-bind@1.1.2: {}

  glob-parent@5.1.2:
    dependencies:
      is-glob: 4.0.3

  globby@14.1.0:
    dependencies:
      '@sindresorhus/merge-streams': 2.3.0
      fast-glob: 3.3.3
      ignore: 7.0.4
      path-type: 6.0.0
      slash: 5.1.0
      unicorn-magic: 0.3.0

  hasown@2.0.2:
    dependencies:
      function-bind: 1.1.2

  ignore@7.0.4: {}

  is-core-module@2.16.1:
    dependencies:
      hasown: 2.0.2

  is-extglob@2.1.1: {}

  is-glob@4.0.3:
    dependencies:
      is-extglob: 2.1.1

  is-number@7.0.0: {}

  is-path-cwd@3.0.0: {}

  is-path-inside@4.0.0: {}

  merge2@1.4.1: {}

  micromatch@4.0.8:
    dependencies:
      braces: 3.0.3
      picomatch: 2.3.1

  node-gyp-build@4.8.4:
    optional: true

  p-map@7.0.3: {}

  path-parse@1.0.7: {}

  path-type@6.0.0: {}

  picomatch@2.3.1: {}

  picomatch@4.0.2: {}

  poolifier@4.4.5: {}

  queue-microtask@1.2.3: {}

  resolve@1.22.10:
    dependencies:
      is-core-module: 2.16.1
      path-parse: 1.0.7
      supports-preserve-symlinks-flag: 1.0.0

  reusify@1.1.0: {}

  rollup-plugin-delete@3.0.1(rollup@4.40.2):
    dependencies:
      del: 8.0.0
      rollup: 4.40.2

  rollup@4.40.2:
    dependencies:
      '@types/estree': 1.0.7
    optionalDependencies:
      '@rollup/rollup-android-arm-eabi': 4.40.2
      '@rollup/rollup-android-arm64': 4.40.2
      '@rollup/rollup-darwin-arm64': 4.40.2
      '@rollup/rollup-darwin-x64': 4.40.2
      '@rollup/rollup-freebsd-arm64': 4.40.2
      '@rollup/rollup-freebsd-x64': 4.40.2
      '@rollup/rollup-linux-arm-gnueabihf': 4.40.2
      '@rollup/rollup-linux-arm-musleabihf': 4.40.2
      '@rollup/rollup-linux-arm64-gnu': 4.40.2
      '@rollup/rollup-linux-arm64-musl': 4.40.2
      '@rollup/rollup-linux-loongarch64-gnu': 4.40.2
      '@rollup/rollup-linux-powerpc64le-gnu': 4.40.2
      '@rollup/rollup-linux-riscv64-gnu': 4.40.2
      '@rollup/rollup-linux-riscv64-musl': 4.40.2
      '@rollup/rollup-linux-s390x-gnu': 4.40.2
      '@rollup/rollup-linux-x64-gnu': 4.40.2
      '@rollup/rollup-linux-x64-musl': 4.40.2
      '@rollup/rollup-win32-arm64-msvc': 4.40.2
      '@rollup/rollup-win32-ia32-msvc': 4.40.2
      '@rollup/rollup-win32-x64-msvc': 4.40.2
      fsevents: 2.3.3

  run-parallel@1.2.0:
    dependencies:
      queue-microtask: 1.2.3

  slash@5.1.0: {}

  supports-preserve-symlinks-flag@1.0.0: {}

  to-regex-range@5.0.1:
    dependencies:
      is-number: 7.0.0

  tslib@2.8.1: {}

  typescript@5.8.3: {}

  undici-types@6.21.0: {}

  unicorn-magic@0.3.0: {}

  utf-8-validate@6.0.5:
    dependencies:
      node-gyp-build: 4.8.4
    optional: true

  ws@8.18.2(bufferutil@4.0.9)(utf-8-validate@6.0.5):
    optionalDependencies:
      bufferutil: 4.0.9
      utf-8-validate: 6.0.5
