---
lockfileVersion: '9.0'

importers:

  .:
    configDependencies: {}
    packageManagerDependencies:
      pnpm:
        specifier: 12.9.1
        version: 12.9.1

packages:

  '@pnpm/exe.android-arm64@12.9.1':
    resolution: {integrity: sha512-Hgm1XdqMTfBC8PdGLL+NjZWv4xyi7D6XNrN9fb24XGYlyTBmUtdCefKnCLmHujShRD8BEO1zqM30SNcKBDLysw==}
    cpu: [arm64]
    os: [android]

  '@pnpm/exe.android-x64@12.9.1':
    resolution: {integrity: sha512-WDGCe6jZRVZP3RC/q6hOkZylkPkIQIi1/GcrR/d/YzbihhAHXCczrk+UYnV5TgbsEnAYO7Cx+2rX3nfhHvy24w==}
    cpu: [x64]
    os: [android]

  '@pnpm/exe.darwin-arm64@12.9.1':
    resolution: {integrity: sha512-+7iiEEBgYN9szPWUnAuN6eOVMTI6Hrki5bcuC9n9xl9tTnT53Tpxpo45Hml+W4IrAU0d+Tmd0sPnVIbX59PD6w==}
    cpu: [arm64]
    os: [darwin]

  '@pnpm/exe.darwin-x64@12.9.1':
    resolution: {integrity: sha512-SK7TxJiR12GbJZGffRFHItkc+Mx+99v6xMMJ9/X//8NwWV1wo17a2bwfGI8qZpl17YwsrmPEFOOqhzE1GIlrtQ==}
    cpu: [x64]
    os: [darwin]

  '@pnpm/exe.freebsd-x64@12.9.1':
    resolution: {integrity: sha512-4AjLk6uvTs2iO6wMit2hcxJ2M32xb7OV5SNFk+w6G8/NzcjcMB7ENEpyeXyLiP0kcnp8uaCGUct2NfrLCJ35eQ==}
    cpu: [x64]
    os: [freebsd]

  '@pnpm/exe.linux-arm64-musl@12.9.1':
    resolution: {integrity: sha512-dZL2ES1ckDWM9v+EtxoOklZ0WNdtayooi9iLiDUubopudX3zXPNR2mlrxBRgjbDgECOndQen2SmyxL5eZiBuKw==}
    cpu: [arm64]
    os: [linux]
    libc: [musl]

  '@pnpm/exe.linux-arm64@12.9.1':
    resolution: {integrity: sha512-cx+uF6xqwEtm7B8NV+1ve0xBg9gcuzQZ5R+0WgOWvKG/h978UljS6BgWs1ipIGuGgUdeVhm3PKmBltXIcczLXA==}
    cpu: [arm64]
    os: [linux]
    libc: [glibc]

  '@pnpm/exe.linux-ppc64@12.9.1':
    resolution: {integrity: sha512-MpjPsy4XR17zAtLziQZfsN+wveWa/bUJggZtwfo3+SuyRmXnSvVkFD4+v8/3RTWyYaM6mwLUTjZDJ+g3urL+ew==}
    cpu: [ppc64]
    os: [linux]
    libc: [glibc]

  '@pnpm/exe.linux-riscv64@12.9.1':
    resolution: {integrity: sha512-Oo67TKqqH+Bno+L6X7Xyorwp1QG82zKIkL0vbo1x2kcPTDiyPbdM+d6lIs4+hzeB1KHT5FDoGzZj2dad7Ft+eg==}
    cpu: [riscv64]
    os: [linux]
    libc: [glibc]

  '@pnpm/exe.linux-s390x@12.9.1':
    resolution: {integrity: sha512-QAD5FRCdW36HfD58BV7DoDm6z8yv+GgSqcUV1+ERwYjpVQuG6ZTpf5o0x3KDas8eTLIW7MLYVdDdlAurWeArEg==}
    cpu: [s390x]
    os: [linux]
    libc: [glibc]

  '@pnpm/exe.linux-x64-musl@12.9.1':
    resolution: {integrity: sha512-mQDhBsGqcTkrLQM4q5igmRFcr6EAl4UM/FGawY+0CWGcqPpUmYUvDy9LHy80xxkHIWVJ886gvvso2XOjfav1Jw==}
    cpu: [x64]
    os: [linux]
    libc: [musl]

  '@pnpm/exe.linux-x64@12.9.1':
    resolution: {integrity: sha512-+M5N74hM4fc87AAckxx/UIW+dUnWf2eko+HchJs/NZUxehLhekNyMI/GNaNXlvd+kWR+97XXBD51XRkkNiUtrA==}
    cpu: [x64]
    os: [linux]
    libc: [glibc]

  '@pnpm/exe.win32-arm64@12.9.1':
    resolution: {integrity: sha512-mI28C2wxobrDi6x1OYhBRyG10hnDq/4sEIyy5RzoX6LB4kLuv6K/d25HOpMwlW20cuM4M72k9NZpOdcmUxMbEA==}
    cpu: [arm64]
    os: [win32]

  '@pnpm/exe.win32-x64@12.9.1':
    resolution: {integrity: sha512-SWoDMT0oD7NrDSIoPpkKD09D9fAQKNjwFZ3lezlCUhAfXxMv70zsfrNT2/P+GoCK2kefXF9OysUZkH1l5vvvfA==}
    cpu: [x64]
    os: [win32]

  pnpm@12.9.1:
    resolution: {integrity: sha512-BrBV//XNINwSeB3hc87TMQzglRvy7GICEaFgRdVETVyTpmMhB2TvKaZTphBFm6A2jw50+E2AxUcjz5Wq57wNbQ==}
    engines: {node: '>=18.*'}
    hasBin: true

snapshots:

  '@pnpm/exe.android-arm64@12.9.1':
    optional: true

  '@pnpm/exe.android-x64@12.9.1':
    optional: true

  '@pnpm/exe.darwin-arm64@12.9.1':
    optional: true

  '@pnpm/exe.darwin-x64@12.9.1':
    optional: true

  '@pnpm/exe.freebsd-x64@12.9.1':
    optional: true

  '@pnpm/exe.linux-arm64-musl@12.9.1':
    optional: true

  '@pnpm/exe.linux-arm64@12.9.1':
    optional: true

  '@pnpm/exe.linux-ppc64@12.9.1':
    optional: true

  '@pnpm/exe.linux-riscv64@12.9.1':
    optional: true

  '@pnpm/exe.linux-s390x@12.9.1':
    optional: true

  '@pnpm/exe.linux-x64-musl@12.9.1':
    optional: true

  '@pnpm/exe.linux-x64@12.9.1':
    optional: true

  '@pnpm/exe.win32-arm64@12.9.1':
    optional: true

  '@pnpm/exe.win32-x64@12.9.1':
    optional: true

  pnpm@12.9.1:
    optionalDependencies:
      '@pnpm/exe.android-arm64': 12.9.1
      '@pnpm/exe.android-x64': 12.9.1
      '@pnpm/exe.darwin-arm64': 12.9.1
      '@pnpm/exe.darwin-x64': 12.9.1
      '@pnpm/exe.freebsd-x64': 12.9.1
      '@pnpm/exe.linux-arm64': 12.9.1
      '@pnpm/exe.linux-arm64-musl': 12.9.1
      '@pnpm/exe.linux-ppc64': 12.9.1
      '@pnpm/exe.linux-riscv64': 12.9.1
      '@pnpm/exe.linux-s390x': 12.9.1
      '@pnpm/exe.linux-x64': 12.9.1
      '@pnpm/exe.linux-x64-musl': 12.9.1
      '@pnpm/exe.win32-arm64': 12.9.1
      '@pnpm/exe.win32-x64': 12.9.1

---
lockfileVersion: '9.0'

settings:
  autoInstallPeers: true
  excludeLinksFromLockfile: false

importers:

  .:
    dependencies:
      poolifier:
        specifier: ^5.3.2
        version: 5.3.2
      ws:
        specifier: ^8.22.0
        version: 8.22.0(bufferutil@4.1.0)(utf-8-validate@6.0.6)
    devDependencies:
      '@rollup/plugin-typescript':
        specifier: ^12.3.0
        version: 12.3.0(rollup@4.64.0)(tslib@2.8.1)(typescript@6.0.3)
      '@types/node':
        specifier: ^24.19.1
        version: 24.19.1
      '@types/ws':
        specifier: ^8.18.2
        version: 8.18.2
      rollup:
        specifier: ^4.64.0
        version: 4.64.0
      rollup-plugin-delete:
        specifier: ^3.0.2
        version: 3.0.2(rollup@4.64.0)
      tslib:
        specifier: ^2.8.1
        version: 2.8.1
      typescript:
        specifier: ^6.0.3
        version: 6.0.3
    optionalDependencies:
      bufferutil:
        specifier: ^4.1.0
        version: 4.1.0
      utf-8-validate:
        specifier: ^6.0.6
        version: 6.0.6

packages:

  '@napi-rs/lzma-linux-x64-gnu@1.5.1':
    resolution: {integrity: sha512-oTXEIha4SsuXdTA4Iyskj0kpdx2yVXdhd75c2v3xGrHFfVMsbhTPZU/nMPL4sWKo4pBHm3aucLaqGlF696dTyQ==}
    engines: {node: ^22.20 || ^24.12 || >=25}
    cpu: [x64]
    os: [linux]
    libc: [glibc]

  '@nodelib/fs.scandir@2.1.5':
    resolution: {integrity: sha512-vq24Bq3ym5HEQm2NKCr3yXDwjc7vTsEThRDnkp2DK9p1uqLR+DHurm/NOTo0KG7HYHU7eppKZj3MyqYuMBf62g==}
    engines: {node: '>= 8'}

  '@nodelib/fs.stat@2.0.5':
    resolution: {integrity: sha512-RkhPPp2zrqDAQA/2jNhnztcPAlv64XdhIp7a7454A5ovI7Bukxgt7MX7udwAu3zg1DcpPU0rz3VV1SeaqvY4+A==}
    engines: {node: '>= 8'}

  '@nodelib/fs.walk@1.2.8':
    resolution: {integrity: sha512-oGB+UxlgWcgQkgwo8GcEGwemoTFt3FIO9ababBmaGwXIoBKZ+GTy0pP185beGg7Llih/NSHSV2XAs1lnznocSg==}
    engines: {node: '>= 8'}

  '@rollup/plugin-typescript@12.3.0':
    resolution: {integrity: sha512-7DP0/p7y3t67+NabT9f8oTBFE6gGkto4SA6Np2oudYmZE/m1dt8RB0SjL1msMxFpLo631qjRCcBlAbq1ml/Big==}
    engines: {node: '>=14.0.0'}
    peerDependencies:
      rollup: ^2.14.0||^3.0.0||^4.0.0
      tslib: '*'
      typescript: '>=3.7.0'
    peerDependenciesMeta:
      rollup:
        optional: true
      tslib:
        optional: true

  '@rollup/pluginutils@5.4.0':
    resolution: {integrity: sha512-MfPp06CjRLfXQ3wY0R8vJDYBy/MvVcc9OulEfR0B8Iv9ko+GCNaRZ+EpJYFl27LhKsZK0o420sYCRHCjfCgeUg==}
    engines: {node: '>=14.0.0'}
    peerDependencies:
      rollup: ^1.20.0||^2.0.0||^3.0.0||^4.0.0
    peerDependenciesMeta:
      rollup:
        optional: true

  '@rollup/rollup-android-arm-eabi@4.64.0':
    resolution: {integrity: sha512-FLLpX941CD/7aBvX3GqLGBM9OvY5PGXTryPJkG5r5/OuBpZpV5k45Uo3RxAvqd35tsyc3hH1bhtz921IKzoIzg==}
    cpu: [arm]
    os: [android]

  '@rollup/rollup-android-arm64@4.64.0':
    resolution: {integrity: sha512-iI32XM/jnDYJsvx5ai/za/7gWO9XoSeFFtU06/ZCaRgyilfJOjaopD3nOpk2WrTCGOyeDt4hleUiGOAnd5tHNg==}
    cpu: [arm64]
    os: [android]

  '@rollup/rollup-darwin-arm64@4.64.0':
    resolution: {integrity: sha512-dRBZlbt2sEtF8Mn4MODThze9fIPdDoOhVSlXMAKy5dQbOYK9pOOoPY4Fat3OTtr0+8zbJo5TTZwlsfxY/kDNJg==}
    cpu: [arm64]
    os: [darwin]

  '@rollup/rollup-darwin-x64@4.64.0':
    resolution: {integrity: sha512-Y3whrJOMucfkhgNkvcM93M6j8C53iEAMmPMYD99C6G1kUy4ELigLWk9ar2/4aCBSRgsql0zdlOemLgW2m5GZgQ==}
    cpu: [x64]
    os: [darwin]

  '@rollup/rollup-freebsd-arm64@4.64.0':
    resolution: {integrity: sha512-S6S1GEzPjFF6IONYJX3AKt/799+8RgBgCcwRnUo+Ep1IvBxUbw5M51iU0TDdK2NWWVnSvCQ8yi6Em0fGASMOng==}
    cpu: [arm64]
    os: [freebsd]

  '@rollup/rollup-freebsd-x64@4.64.0':
    resolution: {integrity: sha512-Ed1DPoFENkXj4IGzSB12SesV40iP6LxCCrbTIkSGIQBpOOxpBM+0kj62lmaeIHfMWTDoddqTOtqc7s8LYfn+Pw==}
    cpu: [x64]
    os: [freebsd]

  '@rollup/rollup-linux-arm-gnueabihf@4.64.0':
    resolution: {integrity: sha512-J/6xhutJPtFyIkmHdf4olOdHHKH5kOJNumojdWn+Elv5ICEYTVOa362Vw27TxsK0BLzb1le3EDlO3UbvFK1lnQ==}
    cpu: [arm]
    os: [linux]
    libc: [glibc]

  '@rollup/rollup-linux-arm-musleabihf@4.64.0':
    resolution: {integrity: sha512-G4L/Nnx59d2LvDoV/P4S5lZ7oVLT6hodOHMacqjiq2LL2gts86KbkEBTYL53+fBt0odhf7XPIbIATGoYiJctxg==}
    cpu: [arm]
    os: [linux]
    libc: [musl]

  '@rollup/rollup-linux-arm64-gnu@4.64.0':
    resolution: {integrity: sha512-zF16pvJDEUksGYRbfnXne7pdklAyj2XDmJeYKgP93oq0cUyX9Y8O7lUo1R+IY1GagP/YBvCEDCe7eEcAKpw//g==}
    cpu: [arm64]
    os: [linux]
    libc: [glibc]

  '@rollup/rollup-linux-arm64-musl@4.64.0':
    resolution: {integrity: sha512-nIggWn8n+w12+R5lsV+PYYoUY8vuObxPAQqJI7WES+9v0qspYuAHoZMfYM0yLxlipasT5BY9ht5W8t5c/rSCkg==}
    cpu: [arm64]
    os: [linux]
    libc: [musl]

  '@rollup/rollup-linux-loong64-gnu@4.64.0':
    resolution: {integrity: sha512-WLOTiHPzszP0dxIMsHpFeDSOSB5I49Mj8K4+yKE3H1X/D0JRG5XZ5jrctJLMjnUc/LUzaKiwq6EHWNJ8pup8PA==}
    cpu: [loong64]
    os: [linux]
    libc: [glibc]

  '@rollup/rollup-linux-loong64-musl@4.64.0':
    resolution: {integrity: sha512-35RK9aRhh7g7Pmeu5gQ01aCvrhXzj9LoBE6xtUcEH1ns+nyTaSzxSpADmBQINu4QiTDGvmQYwo1j5hlg1rRXFw==}
    cpu: [loong64]
    os: [linux]
    libc: [musl]

  '@rollup/rollup-linux-ppc64-gnu@4.64.0':
    resolution: {integrity: sha512-RqTfnpoTjuWfPAmqK5p2edt2AMCDJWm6oTn7sKfmyx+6tRga0ip05SJ977o6udTcIiDeF/CJMUfkaN4gtWt6Aw==}
    cpu: [ppc64]
    os: [linux]
    libc: [glibc]

  '@rollup/rollup-linux-ppc64-musl@4.64.0':
    resolution: {integrity: sha512-RQjZPigjxFvFZDijG6rjlSXxhRaTf9zLYVpGK+lVcga64oMqP1GbgVqCb46eHTTceSIgp89Ja0y5aPe3GFBYHg==}
    cpu: [ppc64]
    os: [linux]
    libc: [musl]

  '@rollup/rollup-linux-riscv64-gnu@4.64.0':
    resolution: {integrity: sha512-tjL58mgQcTRnDRpeky+Sth1MKQeYi2Ct6r3Luq9E5aTSjnM/i/JbozqZkKqp9thM5+oDSZxo+05f9kdQedfTGA==}
    cpu: [riscv64]
    os: [linux]
    libc: [glibc]

  '@rollup/rollup-linux-riscv64-musl@4.64.0':
    resolution: {integrity: sha512-ictoRyVaoZ8C67myHef+8hhCa6IplXJJ/xUCkVCxziV4zxMZh+jvhkhGsPBLqj1S72fnqD0QH5zL4lcaa4X7DQ==}
    cpu: [riscv64]
    os: [linux]
    libc: [musl]

  '@rollup/rollup-linux-s390x-gnu@4.64.0':
    resolution: {integrity: sha512-8aVvZ2hfr9RLFzBQkQNmYeHLDja8fLeQAmLt757zdKN/B+8L809KlLJKctQjS22wZotptV8G6o7fVPuAs8S1tQ==}
    cpu: [s390x]
    os: [linux]
    libc: [glibc]

  '@rollup/rollup-linux-x64-gnu@4.64.0':
    resolution: {integrity: sha512-2dEF8GAcDKwshUfydD+GhosppNyBzhVUHkdFF3CXd3FpOkzj/RZzF5aoEtzklujklT5qFVRU2GK/cFeLaTNKVg==}
    cpu: [x64]
    os: [linux]
    libc: [glibc]

  '@rollup/rollup-linux-x64-musl@4.64.0':
    resolution: {integrity: sha512-3XHTvoo2hKkh0MiOfS7SkhHjMaaWF7P4F3drocZZaho/Z8w7h/jpnuBHm91BOQLfvrKHs1yR+zir4E8RI3XzTQ==}
    cpu: [x64]
    os: [linux]
    libc: [musl]

  '@rollup/rollup-openbsd-x64@4.64.0':
    resolution: {integrity: sha512-HKtkzodL4a3KFWDXDoO61cRynAWTR3LnAE0oGtfG9lcNFpNuVYUFOByxDgNqEvic9rvaQbAj+SFwTEWDptRaIw==}
    cpu: [x64]
    os: [openbsd]

  '@rollup/rollup-openharmony-arm64@4.64.0':
    resolution: {integrity: sha512-JBsxqiY16uyyCujtoC3s7zL+SrYyNElptD7K4V+KUoJ2V8/XG3hPWpheK+SuPwNh1cikJvIZmIdsrYXvD6PLJw==}
    cpu: [arm64]
    os: [openharmony]

  '@rollup/rollup-win32-arm64-msvc@4.64.0':
    resolution: {integrity: sha512-S5Qrijh37qhnUYQ0ay8WN3LuWeKjow7wTUyCOPMZtnXiBXYXdsZETI6ZLfYnQAKovltckPLBFdNeD61P2rJc7g==}
    cpu: [arm64]
    os: [win32]

  '@rollup/rollup-win32-ia32-msvc@4.64.0':
    resolution: {integrity: sha512-zbZ6iMmLFEsCtTdc2/y1F/cDFVNNCPF7Ae8PCT/wdPE//hGwYp6r+MyCLMFX+kOeIe09Pz6ASfnnfpSTN1FJQQ==}
    cpu: [ia32]
    os: [win32]

  '@rollup/rollup-win32-x64-gnu@4.64.0':
    resolution: {integrity: sha512-L6Hw69oNpuYaOr1zCG30v0/DqKYCSRwodPGwIcVZ/6f8SOzq9rxtL/xNVI5MO4wjli+Ko0ErK9uHJL3mNPt8wQ==}
    cpu: [x64]
    os: [win32]

  '@rollup/rollup-win32-x64-msvc@4.64.0':
    resolution: {integrity: sha512-nl+CTWIgOGszQmUz/kanfgrfFZ4qiwxKIfT/ryl3N3Ewk5tqizmYtNXiqb7Bu/fDtNgu1kyxdFiAUJNur3iysg==}
    cpu: [x64]
    os: [win32]

  '@sindresorhus/merge-streams@2.3.0':
    resolution: {integrity: sha512-LtoMMhxAlorcGhmFYI+LhPgbPZCkgP6ra1YL604EeF6U98pLlQ3iWIGMdWSC+vWmPBWBNgmDBAhnAobLROJmwg==}
    engines: {node: '>=18'}

  '@types/estree@1.0.9':
    resolution: {integrity: sha512-GhdPgy1el4/ImP05X05Uw4cw2/M93BCUmnEvWZNStlCzEKME4Fkk+YpoA5OiHNQmoS7Cafb8Xa3Pya8m1Qrzeg==}

  '@types/node@24.19.1':
    resolution: {integrity: sha512-aS3/DG0oM05K0RIXXP+hKjinGG5IgSSVGzswZxW3O0sS3pH4/fycXundUC9XsszgKCk4gHXylTEK6hyFxVxnoQ==}

  '@types/ws@8.18.2':
    resolution: {integrity: sha512-67MQl+fpWKVTT1NYdnmo3U4sc/xPo/zQBncVnI74qmQa0z/b+1g6iYqNmGCPbxO+zz2aklb08a0oHfegiVd0/w==}

  braces@3.0.3:
    resolution: {integrity: sha512-yQbXgO/OSZVD2IsiLlro+7Hf6Q18EJrKSEsdoMzKePKXct3gvD8oLcOQdIzGupr5Fj+EDe8gO/lxc1BzfMpxvA==}
    engines: {node: '>=8'}

  bufferutil@4.1.0:
    resolution: {integrity: sha512-ZMANVnAixE6AWWnPzlW2KpUrxhm9woycYvPOo67jWHyFowASTEd9s+QN1EIMsSDtwhIxN4sWE1jotpuDUIgyIw==}
    engines: {node: '>=6.14.2'}

  del@8.0.1:
    resolution: {integrity: sha512-gPqh0mKTPvaUZGAuHbrBUYKZWBNAeHG7TU3QH5EhVwPMyKvmfJaNXhcD2jTcXsJRRcffuho4vaYweu80dRrMGA==}
    engines: {node: '>=18'}

  es-errors@1.3.0:
    resolution: {integrity: sha512-Zf5H2Kxt2xjTvbJvP2ZWLEICxA6j+hAmMzIlypy4xcBg1vKVnx89Wy0GbS+kf5cwCVFFzdCFh2XSCFNULS6csw==}
    engines: {node: '>= 0.4'}

  estree-walker@2.0.2:
    resolution: {integrity: sha512-Rfkk/Mp/DL7JVje3u18FxFujQlTNR2q6QfMSMB7AvCBx91NGj/ba3kCfza0f6dVDbw7YlRf/nDrn7pQrCCyQ/w==}

  fast-glob@3.3.3:
    resolution: {integrity: sha512-7MptL8U0cqcFdzIzwOTHoilX9x5BrNqye7Z/LuC7kCMRio1EMSyqRK3BEAUD7sXRq4iT4AzTVuZdhgQ2TCvYLg==}
    engines: {node: '>=8.6.0'}

  fastq@1.20.3:
    resolution: {integrity: sha512-XKv5nnLs6nLF71NgiKJLIZFLkPyIEuOselLG7ujZnGrRfQK8HpvY+WqKhAJUAdLomwVHErVS4LfxFlPq0/FTAw==}

  fill-range@7.1.1:
    resolution: {integrity: sha512-YsGpe3WHLK8ZYi4tWDg2Jy3ebRz2rXowDxnld4bkQB00cc/1Zw9AWnC0i9ztDJitivtQvaI9KaLyKrc+hBW0yg==}
    engines: {node: '>=8'}

  fsevents@2.3.3:
    resolution: {integrity: sha512-5xoDfX+fL7faATnagmWPpbFtwh/R77WmMMqqHGS65C3vvB0YHrgF+B1YmZ3441tMj5n63k0212XNoJwzlhffQw==}
    engines: {node: ^8.16.0 || ^10.6.0 || >=11.0.0}
    os: [darwin]

  function-bind@1.1.2:
    resolution: {integrity: sha512-7XHNxH7qX9xG5mIwxkhumTox/MIRNcOgDrxWsMt2pAr23WHp6MrRlN7FBSFpCpr+oVO0F744iUgR82nJMfG2SA==}

  glob-parent@5.1.2:
    resolution: {integrity: sha512-AOIgSQCepiJYwP3ARnGx+5VnTu2HBYdzbGP45eLw1vr3zB3vZLeyed1sC9hnbcOc9/SrMyM5RPQrkGz4aS9Zow==}
    engines: {node: '>= 6'}

  globby@14.1.0:
    resolution: {integrity: sha512-0Ia46fDOaT7k4og1PDW4YbodWWr3scS2vAr2lTbsplOt2WkKp0vQbkI9wKis/T5LV/dqPjO3bpS/z6GTJB82LA==}
    engines: {node: '>=18'}

  hasown@2.0.4:
    resolution: {integrity: sha512-T2UbfbBEF32wiepXIsMlTW9+dDYC6wMh/t/vYA4tuOMKqWz/n3vr1NFSxQiyP+zk2mXsoMA/i/7qV6LKut1t1A==}
    engines: {node: '>= 0.4'}

  ignore@7.0.12:
    resolution: {integrity: sha512-/8UvqAPU9DGTI9k4mxtf49U37Isfwr8Uts96+SBHIkFxPJnHS0Ew4f00sM4Scd8V8EjM0jUNtVDdv1kPdt35lg==}
    engines: {node: '>= 4'}

  is-core-module@2.17.0:
    resolution: {integrity: sha512-J/vG0zBCbIKOQFfufSwyXdMrsohyJIUNkrnmo6WZGzoM7tr/lsbfW5b2BvisL6zsyMzK9UxV9L6c7AoFbyXHOA==}
    engines: {node: '>= 0.4'}

  is-extglob@2.1.1:
    resolution: {integrity: sha512-SbKbANkN603Vi4jEZv49LeVJMn4yGwsbzZworEoyEiutsN3nJYdbO36zfhGJ6QEDpOZIFkDtnq5JRxmvl3jsoQ==}
    engines: {node: '>=0.10.0'}

  is-glob@4.0.3:
    resolution: {integrity: sha512-xelSayHH36ZgE7ZWhli7pW34hNbNl8Ojv5KVmkJD4hBdD3th8Tfk9vYasLM+mXWOZhFkgZfxhLSnrwRr4elSSg==}
    engines: {node: '>=0.10.0'}

  is-number@7.0.0:
    resolution: {integrity: sha512-41Cifkg6e8TylSpdtTpeLVMqvSBEVzTttHvERD741+pnZ8ANv0004MRL43QKPDlK9cGvNp6NZWZUBlbGXYxxng==}
    engines: {node: '>=0.12.0'}

  is-path-cwd@3.0.0:
    resolution: {integrity: sha512-kyiNFFLU0Ampr6SDZitD/DwUo4Zs1nSdnygUBqsu3LooL00Qvb5j+UnvApUn/TTj1J3OuE6BTdQ5rudKmU2ZaA==}
    engines: {node: ^12.20.0 || ^14.13.1 || >=16.0.0}

  is-path-inside@4.0.0:
    resolution: {integrity: sha512-lJJV/5dYS+RcL8uQdBDW9c9uWFLLBNRyFhnAKXw5tVqLlKZ4RMGZKv+YQ/IA3OhD+RpbJa1LLFM1FQPGyIXvOA==}
    engines: {node: '>=12'}

  merge2@1.4.1:
    resolution: {integrity: sha512-8q7VEgMJW4J8tcfVPy8g09NcQwZdbwFEqhe/WZkoIzjn/3TGDwtOCYtXGxA3O8tPzpczCCDgv+P2P5y00ZJOOg==}
    engines: {node: '>= 8'}

  micromatch@4.0.8:
    resolution: {integrity: sha512-PXwfBhYu0hBCPw8Dn0E+WDYb7af3dSLVWKi3HGv84IdF4TyFoC0ysxFd0Goxw7nSv4T/PzEJQxsYsEiFCKo2BA==}
    engines: {node: '>=8.6'}

  node-gyp-build@4.8.4:
    resolution: {integrity: sha512-LA4ZjwlnUblHVgq0oBF3Jl/6h/Nvs5fzBLwdEF4nuxnFdsfajde4WfxtJr3CaiH+F6ewcIB/q4jQ4UzPyid+CQ==}
    hasBin: true

  p-map@7.0.8:
    resolution: {integrity: sha512-MitaVsCuCFIvOLLPIU7NnfrZvS9H9h7kwMUkDo+T2pEISaJD48IV9S8iIdXB7PsvvdxyYcsSTTrr90XKsbulNw==}
    engines: {node: '>=18'}

  path-parse@1.0.7:
    resolution: {integrity: sha512-LDJzPVEEEPR+y48z93A0Ed0yXb8pAByGWo/k5YYdYgpY2/2EsOsksJrq7lOHxryrVOn1ejG6oAp8ahvOIQD8sw==}

  path-type@6.0.0:
    resolution: {integrity: sha512-Vj7sf++t5pBD637NSfkxpHSMfWaeig5+DKWLhcqIYx6mWQz5hdJTGDVMQiJcw1ZYkhs7AazKDGpRVji1LJCZUQ==}
    engines: {node: '>=18'}

  picomatch@2.3.2:
    resolution: {integrity: sha512-V7+vQEJ06Z+c5tSye8S+nHUfI51xoXIXjHQ99cQtKUkQqqO1kO/KCJUfZXuB47h/YBlDhah2H3hdUGXn8ie0oA==}
    engines: {node: '>=8.6'}

  picomatch@4.0.7:
    resolution: {integrity: sha512-qcJu88Q2IWqJsDD529JKMdwGm/dvInW4HvQnRwiH9JtihJvzGOscDtHE3x1pBKeUOTysQ8kVmLnJ2kJu7yhcGA==}
    engines: {node: '>=12'}

  poolifier@5.3.2:
    resolution: {integrity: sha512-5Cu+3i+m5s56mHYPS7OXmsl5Eqs8aoTALPTrhGKcRVoHQgQrySukBHoDmHx3yH6f29tS8JfSse/58Tl987ztow==}
    engines: {node: '>=20.11.0', pnpm: '>=9.0.0'}

  presentable-error@0.0.1:
    resolution: {integrity: sha512-E6rsNU1QNJgB3sjj7OANinGncFKuK+164sLXw1/CqBjj/EkXSoSdHCtWQGBNlREIGLnL7IEUEGa08YFVUbrhVg==}
    engines: {node: '>=16'}

  queue-microtask@1.2.3:
    resolution: {integrity: sha512-NuaNSa6flKT5JaSYQzJok04JzTL1CA6aGhv5rfLW3PgqA+M2ChpZQnAC8h8i4ZFkBS8X5RqkDBHA7r4hej3K9A==}

  resolve@1.22.12:
    resolution: {integrity: sha512-TyeJ1zif53BPfHootBGwPRYT1RUt6oGWsaQr8UyZW/eAm9bKoijtvruSDEmZHm92CwS9nj7/fWttqPCgzep8CA==}
    engines: {node: '>= 0.4'}
    hasBin: true

  reusify@1.1.0:
    resolution: {integrity: sha512-g6QUff04oZpHs0eG5p83rFLhHeV00ug/Yf9nZM6fLeUrPguBTkTQOdpAWWspMh55TZfVQDPaN3NQJfbVRAxdIw==}
    engines: {iojs: '>=1.0.0', node: '>=0.10.0'}

  rollup-plugin-delete@3.0.2:
    resolution: {integrity: sha512-26GSi/aeYQ/hEBdG1rjEMeh+WUhiPZ3hGmSr9Ucj7mhLQ1P9j8KEgtYoybDp7OlIMj3eQjHHB9fnqhxNuVgfzA==}
    engines: {node: '>=18'}
    peerDependencies:
      rollup: '*'

  rollup@4.64.0:
    resolution: {integrity: sha512-gjA/kFeDfffII8COoPsvLPvE16hWDTEc1+0QKQNKUkuV8iJjqsC4xXs8/FzuL0v9EV39kuxTbAgcFoTRyy2TGQ==}
    engines: {node: '>=18.0.0', npm: '>=8.0.0'}
    hasBin: true

  run-parallel@1.2.0:
    resolution: {integrity: sha512-5l4VyZR86LZ/lDxZTR6jqL8AFE2S0IFLMP26AbjsLVADxHdhB/c0GUsH+y39UfCi3dzz8OlQuPmnaJOMoDHQBA==}

  slash@5.1.0:
    resolution: {integrity: sha512-ZA6oR3T/pEyuqwMgAKT0/hAv8oAXckzbkmR0UkUosQ+Mc4RxGoJkRmwHgHufaenlyAgE1Mxgpdcrf75y6XcnDg==}
    engines: {node: '>=14.16'}

  supports-preserve-symlinks-flag@1.0.0:
    resolution: {integrity: sha512-ot0WnXS9fgdkgIcePe6RHNk1WA8+muPa6cSjeR3V8K27q9BB1rTE3R1p7Hv0z1ZyAc8s6Vvv8DIyWf681MAt0w==}
    engines: {node: '>= 0.4'}

  to-regex-range@5.0.1:
    resolution: {integrity: sha512-65P7iz6X5yEr1cwcgvQxbbIw7Uk3gOy5dIdtZ4rDveLqhrdJP+Li/Hx6tyK0NEb+2GCyneCMJiGqrADCSNk8sQ==}
    engines: {node: '>=8.0'}

  tslib@2.8.1:
    resolution: {integrity: sha512-oJFu94HQb+KVduSUQL7wnpmqnfmLsOA/nAh6b6EH0wCEoK0/mPeXU6c3wKDV83MkOuHPRHtSXKKU99IBazS/2w==}

  typescript@6.0.3:
    resolution: {integrity: sha512-y2TvuxSZPDyQakkFRPZHKFm+KKVqIisdg9/CZwm9ftvKXLP8NRWj38/ODjNbr43SsoXqNuAisEf1GdCxqWcdBw==}
    engines: {node: '>=14.17'}
    hasBin: true

  undici-types@7.24.6:
    resolution: {integrity: sha512-WRNW+sJgj5OBN4/0JpHFqtqzhpbnV0GuB+OozA9gCL7a993SmU+1JBZCzLNxYsbMfIeDL+lTsphD5jN5N+n0zg==}

  unicorn-magic@0.3.0:
    resolution: {integrity: sha512-+QBBXBCvifc56fsbuxZQ6Sic3wqqc3WWaqxs58gvJrcOuN83HGTCwz3oS5phzU9LthRNE9VrJCFCLUgHeeFnfA==}
    engines: {node: '>=18'}

  utf-8-validate@6.0.6:
    resolution: {integrity: sha512-q3l3P9UtEEiAHcsgsqTgf9PPjctrDWoIXW3NpOHFdRDbLvu4DLIcxHangJ4RLrWkBcKjmcs/6NkerI8T/rE4LA==}
    engines: {node: '>=6.14.2'}

  ws@8.22.0:
    resolution: {integrity: sha512-Ydggc987+RO0AnWtZ/7Wq9FtNvcrL1b/RO0ud9mWjUPgDrsAAwQSF51sm2hm1XofbU/4jkpGEsLFsZZxU+1DOg==}
    engines: {node: '>=10.0.0'}
    peerDependencies:
      bufferutil: ^4.0.1
      utf-8-validate: '>=5.0.2'
    peerDependenciesMeta:
      bufferutil:
        optional: true
      utf-8-validate:
        optional: true

snapshots:

  '@napi-rs/lzma-linux-x64-gnu@1.5.1':
    optional: true

  '@nodelib/fs.scandir@2.1.5':
    dependencies:
      '@nodelib/fs.stat': 2.0.5
      run-parallel: 1.2.0

  '@nodelib/fs.stat@2.0.5': {}

  '@nodelib/fs.walk@1.2.8':
    dependencies:
      '@nodelib/fs.scandir': 2.1.5
      fastq: 1.20.3

  '@rollup/plugin-typescript@12.3.0(rollup@4.64.0)(tslib@2.8.1)(typescript@6.0.3)':
    dependencies:
      '@rollup/pluginutils': 5.4.0(rollup@4.64.0)
      resolve: 1.22.12
      typescript: 6.0.3
    optionalDependencies:
      rollup: 4.64.0
      tslib: 2.8.1

  '@rollup/pluginutils@5.4.0(rollup@4.64.0)':
    dependencies:
      '@types/estree': 1.0.9
      estree-walker: 2.0.2
      picomatch: 4.0.7
    optionalDependencies:
      rollup: 4.64.0

  '@rollup/rollup-android-arm-eabi@4.64.0':
    optional: true

  '@rollup/rollup-android-arm64@4.64.0':
    optional: true

  '@rollup/rollup-darwin-arm64@4.64.0':
    optional: true

  '@rollup/rollup-darwin-x64@4.64.0':
    optional: true

  '@rollup/rollup-freebsd-arm64@4.64.0':
    optional: true

  '@rollup/rollup-freebsd-x64@4.64.0':
    optional: true

  '@rollup/rollup-linux-arm-gnueabihf@4.64.0':
    optional: true

  '@rollup/rollup-linux-arm-musleabihf@4.64.0':
    optional: true

  '@rollup/rollup-linux-arm64-gnu@4.64.0':
    optional: true

  '@rollup/rollup-linux-arm64-musl@4.64.0':
    optional: true

  '@rollup/rollup-linux-loong64-gnu@4.64.0':
    optional: true

  '@rollup/rollup-linux-loong64-musl@4.64.0':
    optional: true

  '@rollup/rollup-linux-ppc64-gnu@4.64.0':
    optional: true

  '@rollup/rollup-linux-ppc64-musl@4.64.0':
    optional: true

  '@rollup/rollup-linux-riscv64-gnu@4.64.0':
    optional: true

  '@rollup/rollup-linux-riscv64-musl@4.64.0':
    optional: true

  '@rollup/rollup-linux-s390x-gnu@4.64.0':
    optional: true

  '@rollup/rollup-linux-x64-gnu@4.64.0':
    optional: true

  '@rollup/rollup-linux-x64-musl@4.64.0':
    optional: true

  '@rollup/rollup-openbsd-x64@4.64.0':
    optional: true

  '@rollup/rollup-openharmony-arm64@4.64.0':
    optional: true

  '@rollup/rollup-win32-arm64-msvc@4.64.0':
    optional: true

  '@rollup/rollup-win32-ia32-msvc@4.64.0':
    optional: true

  '@rollup/rollup-win32-x64-gnu@4.64.0':
    optional: true

  '@rollup/rollup-win32-x64-msvc@4.64.0':
    optional: true

  '@sindresorhus/merge-streams@2.3.0': {}

  '@types/estree@1.0.9': {}

  '@types/node@24.19.1':
    dependencies:
      undici-types: 7.24.6

  '@types/ws@8.18.2':
    dependencies:
      '@types/node': 24.19.1

  braces@3.0.3:
    dependencies:
      fill-range: 7.1.1

  bufferutil@4.1.0:
    dependencies:
      node-gyp-build: 4.8.4
    optional: true

  del@8.0.1:
    dependencies:
      globby: 14.1.0
      is-glob: 4.0.3
      is-path-cwd: 3.0.0
      is-path-inside: 4.0.0
      p-map: 7.0.8
      presentable-error: 0.0.1
      slash: 5.1.0

  es-errors@1.3.0: {}

  estree-walker@2.0.2: {}

  fast-glob@3.3.3:
    dependencies:
      '@nodelib/fs.stat': 2.0.5
      '@nodelib/fs.walk': 1.2.8
      glob-parent: 5.1.2
      merge2: 1.4.1
      micromatch: 4.0.8

  fastq@1.20.3:
    dependencies:
      reusify: 1.1.0

  fill-range@7.1.1:
    dependencies:
      to-regex-range: 5.0.1

  fsevents@2.3.3:
    optional: true

  function-bind@1.1.2: {}

  glob-parent@5.1.2:
    dependencies:
      is-glob: 4.0.3

  globby@14.1.0:
    dependencies:
      '@sindresorhus/merge-streams': 2.3.0
      fast-glob: 3.3.3
      ignore: 7.0.12
      path-type: 6.0.0
      slash: 5.1.0
      unicorn-magic: 0.3.0

  hasown@2.0.4:
    dependencies:
      function-bind: 1.1.2

  ignore@7.0.12: {}

  is-core-module@2.17.0:
    dependencies:
      hasown: 2.0.4

  is-extglob@2.1.1: {}

  is-glob@4.0.3:
    dependencies:
      is-extglob: 2.1.1

  is-number@7.0.0: {}

  is-path-cwd@3.0.0: {}

  is-path-inside@4.0.0: {}

  merge2@1.4.1: {}

  micromatch@4.0.8:
    dependencies:
      braces: 3.0.3
      picomatch: 2.3.2

  node-gyp-build@4.8.4:
    optional: true

  p-map@7.0.8: {}

  path-parse@1.0.7: {}

  path-type@6.0.0: {}

  picomatch@2.3.2: {}

  picomatch@4.0.7: {}

  poolifier@5.3.2: {}

  presentable-error@0.0.1: {}

  queue-microtask@1.2.3: {}

  resolve@1.22.12:
    dependencies:
      es-errors: 1.3.0
      is-core-module: 2.17.0
      path-parse: 1.0.7
      supports-preserve-symlinks-flag: 1.0.0

  reusify@1.1.0: {}

  rollup-plugin-delete@3.0.2(rollup@4.64.0):
    dependencies:
      del: 8.0.1
      rollup: 4.64.0

  rollup@4.64.0:
    dependencies:
      '@types/estree': 1.0.9
    optionalDependencies:
      '@napi-rs/lzma-linux-x64-gnu': 1.5.1
      '@rollup/rollup-android-arm-eabi': 4.64.0
      '@rollup/rollup-android-arm64': 4.64.0
      '@rollup/rollup-darwin-arm64': 4.64.0
      '@rollup/rollup-darwin-x64': 4.64.0
      '@rollup/rollup-freebsd-arm64': 4.64.0
      '@rollup/rollup-freebsd-x64': 4.64.0
      '@rollup/rollup-linux-arm-gnueabihf': 4.64.0
      '@rollup/rollup-linux-arm-musleabihf': 4.64.0
      '@rollup/rollup-linux-arm64-gnu': 4.64.0
      '@rollup/rollup-linux-arm64-musl': 4.64.0
      '@rollup/rollup-linux-loong64-gnu': 4.64.0
      '@rollup/rollup-linux-loong64-musl': 4.64.0
      '@rollup/rollup-linux-ppc64-gnu': 4.64.0
      '@rollup/rollup-linux-ppc64-musl': 4.64.0
      '@rollup/rollup-linux-riscv64-gnu': 4.64.0
      '@rollup/rollup-linux-riscv64-musl': 4.64.0
      '@rollup/rollup-linux-s390x-gnu': 4.64.0
      '@rollup/rollup-linux-x64-gnu': 4.64.0
      '@rollup/rollup-linux-x64-musl': 4.64.0
      '@rollup/rollup-openbsd-x64': 4.64.0
      '@rollup/rollup-openharmony-arm64': 4.64.0
      '@rollup/rollup-win32-arm64-msvc': 4.64.0
      '@rollup/rollup-win32-ia32-msvc': 4.64.0
      '@rollup/rollup-win32-x64-gnu': 4.64.0
      '@rollup/rollup-win32-x64-msvc': 4.64.0
      fsevents: 2.3.3

  run-parallel@1.2.0:
    dependencies:
      queue-microtask: 1.2.3

  slash@5.1.0: {}

  supports-preserve-symlinks-flag@1.0.0: {}

  to-regex-range@5.0.1:
    dependencies:
      is-number: 7.0.0

  tslib@2.8.1: {}

  typescript@6.0.3: {}

  undici-types@7.24.6: {}

  unicorn-magic@0.3.0: {}

  utf-8-validate@6.0.6:
    dependencies:
      node-gyp-build: 4.8.4
    optional: true

  ws@8.22.0(bufferutil@4.1.0)(utf-8-validate@6.0.6):
    optionalDependencies:
      bufferutil: 4.1.0
      utf-8-validate: 6.0.6
