lockfileVersion: '9.0'

settings:
  autoInstallPeers: true
  excludeLinksFromLockfile: false

importers:

  .:
    dependencies:
      poolifier:
        specifier: ^5.1.7
        version: 5.1.7
      ws:
        specifier: ^8.18.3
        version: 8.18.3(bufferutil@4.0.9)(utf-8-validate@6.0.5)
    devDependencies:
      '@types/node':
        specifier: ^24.10.4
        version: 24.10.4
      '@types/ws':
        specifier: ^8.18.1
        version: 8.18.1
      typescript:
        specifier: ^5.9.3
        version: 5.9.3
    optionalDependencies:
      bufferutil:
        specifier: ^4.0.9
        version: 4.0.9
      utf-8-validate:
        specifier: ^6.0.5
        version: 6.0.5

packages:

  '@types/node@24.10.4':
    resolution: {integrity: sha512-vnDVpYPMzs4wunl27jHrfmwojOGKya0xyM3sH+UE5iv5uPS6vX7UIoh6m+vQc5LGBq52HBKPIn/zcSZVzeDEZg==}

  '@types/ws@8.18.1':
    resolution: {integrity: sha512-ThVF6DCVhA8kUGy+aazFQ4kXQ7E1Ty7A3ypFOe0IcJV8O/M511G99AW24irKrW56Wt44yG9+ij8FaqoBGkuBXg==}

  bufferutil@4.0.9:
    resolution: {integrity: sha512-WDtdLmJvAuNNPzByAYpRo2rF1Mmradw6gvWsQKf63476DDXmomT9zUiGypLcG4ibIM67vhAj8jJRdbmEws2Aqw==}
    engines: {node: '>=6.14.2'}

  node-gyp-build@4.8.4:
    resolution: {integrity: sha512-LA4ZjwlnUblHVgq0oBF3Jl/6h/Nvs5fzBLwdEF4nuxnFdsfajde4WfxtJr3CaiH+F6ewcIB/q4jQ4UzPyid+CQ==}
    hasBin: true

  poolifier@5.1.7:
    resolution: {integrity: sha512-PFp0y/u6/bOzDkXNLOrH7pNuV9hxa1Fm1pER+bKn446mC0kaY7cFaokh7nUIjIpmMrlxA5HoBYHBR/NtUnN1Kg==}
    engines: {node: '>=20.11.0', pnpm: '>=9.0.0'}

  typescript@5.9.3:
    resolution: {integrity: sha512-jl1vZzPDinLr9eUt3J/t7V6FgNEw9QjvBPdysz9KfQDD41fQrC2Y4vKQdiaUpFT4bXlb1RHhLpp8wtm6M5TgSw==}
    engines: {node: '>=14.17'}
    hasBin: true

  undici-types@7.16.0:
    resolution: {integrity: sha512-Zz+aZWSj8LE6zoxD+xrjh4VfkIG8Ya6LvYkZqtUQGJPZjYl53ypCaUwWqo7eI0x66KBGeRo+mlBEkMSeSZ38Nw==}

  utf-8-validate@6.0.5:
    resolution: {integrity: sha512-EYZR+OpIXp9Y1eG1iueg8KRsY8TuT8VNgnanZ0uA3STqhHQTLwbl+WX76/9X5OY12yQubymBpaBSmMPkSTQcKA==}
    engines: {node: '>=6.14.2'}

  ws@8.18.3:
    resolution: {integrity: sha512-PEIGCY5tSlUt50cqyMXfCzX+oOPqN0vuGqWzbcJ2xvnkzkq46oOpz7dQaTDBdfICb4N14+GARUDw2XV2N4tvzg==}
    engines: {node: '>=10.0.0'}
    peerDependencies:
      bufferutil: ^4.0.1
      utf-8-validate: '>=5.0.2'
    peerDependenciesMeta:
      bufferutil:
        optional: true
      utf-8-validate:
        optional: true

snapshots:

  '@types/node@24.10.4':
    dependencies:
      undici-types: 7.16.0

  '@types/ws@8.18.1':
    dependencies:
      '@types/node': 24.10.4

  bufferutil@4.0.9:
    dependencies:
      node-gyp-build: 4.8.4
    optional: true

  node-gyp-build@4.8.4:
    optional: true

  poolifier@5.1.7: {}

  typescript@5.9.3: {}

  undici-types@7.16.0: {}

  utf-8-validate@6.0.5:
    dependencies:
      node-gyp-build: 4.8.4
    optional: true

  ws@8.18.3(bufferutil@4.0.9)(utf-8-validate@6.0.5):
    optionalDependencies:
      bufferutil: 4.0.9
      utf-8-validate: 6.0.5
