lockfileVersion: '9.0'

settings:
  autoInstallPeers: true
  excludeLinksFromLockfile: false

importers:

  .:
    dependencies:
      poolifier:
        specifier: ^5.0.0
        version: 5.0.0
      ws:
        specifier: ^8.18.3
        version: 8.18.3(bufferutil@4.0.9)(utf-8-validate@6.0.5)
    devDependencies:
      '@types/node':
        specifier: ^24.0.8
        version: 24.0.8
      '@types/ws':
        specifier: ^8.18.1
        version: 8.18.1
      typescript:
        specifier: ^5.8.3
        version: 5.8.3
    optionalDependencies:
      bufferutil:
        specifier: ^4.0.9
        version: 4.0.9
      utf-8-validate:
        specifier: ^6.0.5
        version: 6.0.5

packages:

  '@types/node@24.0.8':
    resolution: {integrity: sha512-WytNrFSgWO/esSH9NbpWUfTMGQwCGIKfCmNlmFDNiI5gGhgMmEA+V1AEvKLeBNvvtBnailJtkrEa2OIISwrVAA==}

  '@types/ws@8.18.1':
    resolution: {integrity: sha512-ThVF6DCVhA8kUGy+aazFQ4kXQ7E1Ty7A3ypFOe0IcJV8O/M511G99AW24irKrW56Wt44yG9+ij8FaqoBGkuBXg==}

  bufferutil@4.0.9:
    resolution: {integrity: sha512-WDtdLmJvAuNNPzByAYpRo2rF1Mmradw6gvWsQKf63476DDXmomT9zUiGypLcG4ibIM67vhAj8jJRdbmEws2Aqw==}
    engines: {node: '>=6.14.2'}

  node-gyp-build@4.8.4:
    resolution: {integrity: sha512-LA4ZjwlnUblHVgq0oBF3Jl/6h/Nvs5fzBLwdEF4nuxnFdsfajde4WfxtJr3CaiH+F6ewcIB/q4jQ4UzPyid+CQ==}
    hasBin: true

  poolifier@5.0.0:
    resolution: {integrity: sha512-y7hWzHBnz1r9KrcYiDRYGJ73AFiEboMhFyroUNFDdOcRMHceOouD7JBTDqPhwgeMAfR5CLXUWZcNQwxoAXupGA==}
    engines: {node: '>=20.11.0', pnpm: '>=9.0.0'}

  typescript@5.8.3:
    resolution: {integrity: sha512-p1diW6TqL9L07nNxvRMM7hMMw4c5XOo/1ibL4aAIGmSAt9slTE1Xgw5KWuof2uTOvCg9BY7ZRi+GaF+7sfgPeQ==}
    engines: {node: '>=14.17'}
    hasBin: true

  undici-types@7.8.0:
    resolution: {integrity: sha512-9UJ2xGDvQ43tYyVMpuHlsgApydB8ZKfVYTsLDhXkFL/6gfkp+U8xTGdh8pMJv1SpZna0zxG1DwsKZsreLbXBxw==}

  utf-8-validate@6.0.5:
    resolution: {integrity: sha512-EYZR+OpIXp9Y1eG1iueg8KRsY8TuT8VNgnanZ0uA3STqhHQTLwbl+WX76/9X5OY12yQubymBpaBSmMPkSTQcKA==}
    engines: {node: '>=6.14.2'}

  ws@8.18.3:
    resolution: {integrity: sha512-PEIGCY5tSlUt50cqyMXfCzX+oOPqN0vuGqWzbcJ2xvnkzkq46oOpz7dQaTDBdfICb4N14+GARUDw2XV2N4tvzg==}
    engines: {node: '>=10.0.0'}
    peerDependencies:
      bufferutil: ^4.0.1
      utf-8-validate: '>=5.0.2'
    peerDependenciesMeta:
      bufferutil:
        optional: true
      utf-8-validate:
        optional: true

snapshots:

  '@types/node@24.0.8':
    dependencies:
      undici-types: 7.8.0

  '@types/ws@8.18.1':
    dependencies:
      '@types/node': 24.0.8

  bufferutil@4.0.9:
    dependencies:
      node-gyp-build: 4.8.4
    optional: true

  node-gyp-build@4.8.4:
    optional: true

  poolifier@5.0.0: {}

  typescript@5.8.3: {}

  undici-types@7.8.0: {}

  utf-8-validate@6.0.5:
    dependencies:
      node-gyp-build: 4.8.4
    optional: true

  ws@8.18.3(bufferutil@4.0.9)(utf-8-validate@6.0.5):
    optionalDependencies:
      bufferutil: 4.0.9
      utf-8-validate: 6.0.5
