lockfileVersion: '6.0'

settings:
  autoInstallPeers: true
  excludeLinksFromLockfile: false

dependencies:
  poolifier:
    specifier: ^3.0.3
    version: 3.0.3
  ws:
    specifier: ^8.14.2
    version: 8.14.2(bufferutil@4.0.8)(utf-8-validate@6.0.3)

optionalDependencies:
  bufferutil:
    specifier: ^4.0.8
    version: 4.0.8
  utf-8-validate:
    specifier: ^6.0.3
    version: 6.0.3

devDependencies:
  '@types/node':
    specifier: ^20.8.7
    version: 20.8.7
  '@types/ws':
    specifier: ^8.5.8
    version: 8.5.8
  typescript:
    specifier: ^5.2.2
    version: 5.2.2

packages:

  /@types/node@20.8.7:
    resolution: {integrity: sha512-21TKHHh3eUHIi2MloeptJWALuCu5H7HQTdTrWIFReA8ad+aggoX+lRes3ex7/FtpC+sVUpFMQ+QTfYr74mruiQ==}
    dependencies:
      undici-types: 5.25.3
    dev: true

  /@types/ws@8.5.8:
    resolution: {integrity: sha512-flUksGIQCnJd6sZ1l5dqCEG/ksaoAg/eUwiLAGTJQcfgvZJKF++Ta4bJA6A5aPSJmsr+xlseHn4KLgVlNnvPTg==}
    dependencies:
      '@types/node': 20.8.7
    dev: true

  /bufferutil@4.0.8:
    resolution: {integrity: sha512-4T53u4PdgsXqKaIctwF8ifXlRTTmEPJ8iEPWFdGZvcf7sbwYo6FKFEX9eNNAnzFZ7EzJAQ3CJeOtCRA4rDp7Pw==}
    engines: {node: '>=6.14.2'}
    requiresBuild: true
    dependencies:
      node-gyp-build: 4.6.1
    dev: false

  /node-gyp-build@4.6.1:
    resolution: {integrity: sha512-24vnklJmyRS8ViBNI8KbtK/r/DmXQMRiOMXTNz2nrTnAYUwjmEEbnnpB/+kt+yWRv73bPsSPRFddrcIbAxSiMQ==}
    hasBin: true
    requiresBuild: true
    dev: false

  /poolifier@3.0.3:
    resolution: {integrity: sha512-THJZnqNK8wWUl0MTjnXOVxh/ose9FGZY+k+KR+CYCSj2fw6Jm38HdB5G6OsJRNEKwUUbDCgpxe3U0ofLTEUElg==}
    engines: {node: '>=18.0.0', pnpm: '>=8.6.0'}
    requiresBuild: true
    dev: false

  /typescript@5.2.2:
    resolution: {integrity: sha512-mI4WrpHsbCIcwT9cF4FZvr80QUeKvsUsUvKDoR+X/7XHQH98xYD8YHZg7ANtz2GtZt/CBq2QJ0thkGJMHfqc1w==}
    engines: {node: '>=14.17'}
    hasBin: true
    dev: true

  /undici-types@5.25.3:
    resolution: {integrity: sha512-Ga1jfYwRn7+cP9v8auvEXN1rX3sWqlayd4HP7OKk4mZWylEmu3KzXDUGrQUN6Ol7qo1gPvB2e5gX6udnyEPgdA==}
    dev: true

  /utf-8-validate@6.0.3:
    resolution: {integrity: sha512-uIuGf9TWQ/y+0Lp+KGZCMuJWc3N9BHA+l/UmHd/oUHwJJDeysyTRxNQVkbzsIWfGFbRe3OcgML/i0mvVRPOyDA==}
    engines: {node: '>=6.14.2'}
    requiresBuild: true
    dependencies:
      node-gyp-build: 4.6.1
    dev: false

  /ws@8.14.2(bufferutil@4.0.8)(utf-8-validate@6.0.3):
    resolution: {integrity: sha512-wEBG1ftX4jcglPxgFCMJmZ2PLtSbJ2Peg6TmpJFTbe9GZYOQCDPdMYu/Tm0/bGZkw8paZnJY45J4K2PZrLYq8g==}
    engines: {node: '>=10.0.0'}
    peerDependencies:
      bufferutil: ^4.0.1
      utf-8-validate: '>=5.0.2'
    peerDependenciesMeta:
      bufferutil:
        optional: true
      utf-8-validate:
        optional: true
    dependencies:
      bufferutil: 4.0.8
      utf-8-validate: 6.0.3
    dev: false
