lockfileVersion: '6.0'

settings:
  autoInstallPeers: true
  excludeLinksFromLockfile: false

dependencies:
  poolifier:
    specifier: ^3.1.20
    version: 3.1.20
  ws:
    specifier: ^8.16.0
    version: 8.16.0(bufferutil@4.0.8)(utf-8-validate@6.0.3)

optionalDependencies:
  bufferutil:
    specifier: ^4.0.8
    version: 4.0.8
  utf-8-validate:
    specifier: ^6.0.3
    version: 6.0.3

devDependencies:
  '@rollup/plugin-typescript':
    specifier: ^11.1.6
    version: 11.1.6(rollup@4.12.0)(tslib@2.6.2)(typescript@5.3.3)
  '@types/node':
    specifier: ^20.11.19
    version: 20.11.19
  '@types/ws':
    specifier: ^8.5.10
    version: 8.5.10
  rollup:
    specifier: ^4.12.0
    version: 4.12.0
  rollup-plugin-delete:
    specifier: ^2.0.0
    version: 2.0.0
  tslib:
    specifier: ^2.6.2
    version: 2.6.2
  typescript:
    specifier: ^5.3.3
    version: 5.3.3

packages:

  /@nodelib/fs.scandir@2.1.5:
    resolution: {integrity: sha512-vq24Bq3ym5HEQm2NKCr3yXDwjc7vTsEThRDnkp2DK9p1uqLR+DHurm/NOTo0KG7HYHU7eppKZj3MyqYuMBf62g==}
    engines: {node: '>= 8'}
    dependencies:
      '@nodelib/fs.stat': 2.0.5
      run-parallel: 1.2.0
    dev: true

  /@nodelib/fs.stat@2.0.5:
    resolution: {integrity: sha512-RkhPPp2zrqDAQA/2jNhnztcPAlv64XdhIp7a7454A5ovI7Bukxgt7MX7udwAu3zg1DcpPU0rz3VV1SeaqvY4+A==}
    engines: {node: '>= 8'}
    dev: true

  /@nodelib/fs.walk@1.2.8:
    resolution: {integrity: sha512-oGB+UxlgWcgQkgwo8GcEGwemoTFt3FIO9ababBmaGwXIoBKZ+GTy0pP185beGg7Llih/NSHSV2XAs1lnznocSg==}
    engines: {node: '>= 8'}
    dependencies:
      '@nodelib/fs.scandir': 2.1.5
      fastq: 1.17.1
    dev: true

  /@rollup/plugin-typescript@11.1.6(rollup@4.12.0)(tslib@2.6.2)(typescript@5.3.3):
    resolution: {integrity: sha512-R92yOmIACgYdJ7dJ97p4K69I8gg6IEHt8M7dUBxN3W6nrO8uUxX5ixl0yU/N3aZTi8WhPuICvOHXQvF6FaykAA==}
    engines: {node: '>=14.0.0'}
    peerDependencies:
      rollup: ^2.14.0||^3.0.0||^4.0.0
      tslib: '*'
      typescript: '>=3.7.0'
    peerDependenciesMeta:
      rollup:
        optional: true
      tslib:
        optional: true
    dependencies:
      '@rollup/pluginutils': 5.1.0(rollup@4.12.0)
      resolve: 1.22.8
      rollup: 4.12.0
      tslib: 2.6.2
      typescript: 5.3.3
    dev: true

  /@rollup/pluginutils@5.1.0(rollup@4.12.0):
    resolution: {integrity: sha512-XTIWOPPcpvyKI6L1NHo0lFlCyznUEyPmPY1mc3KpPVDYulHSTvyeLNVW00QTLIAFNhR3kYnJTQHeGqU4M3n09g==}
    engines: {node: '>=14.0.0'}
    peerDependencies:
      rollup: ^1.20.0||^2.0.0||^3.0.0||^4.0.0
    peerDependenciesMeta:
      rollup:
        optional: true
    dependencies:
      '@types/estree': 1.0.5
      estree-walker: 2.0.2
      picomatch: 2.3.1
      rollup: 4.12.0
    dev: true

  /@rollup/rollup-android-arm-eabi@4.12.0:
    resolution: {integrity: sha512-+ac02NL/2TCKRrJu2wffk1kZ+RyqxVUlbjSagNgPm94frxtr+XDL12E5Ll1enWskLrtrZ2r8L3wED1orIibV/w==}
    cpu: [arm]
    os: [android]
    requiresBuild: true
    dev: true
    optional: true

  /@rollup/rollup-android-arm64@4.12.0:
    resolution: {integrity: sha512-OBqcX2BMe6nvjQ0Nyp7cC90cnumt8PXmO7Dp3gfAju/6YwG0Tj74z1vKrfRz7qAv23nBcYM8BCbhrsWqO7PzQQ==}
    cpu: [arm64]
    os: [android]
    requiresBuild: true
    dev: true
    optional: true

  /@rollup/rollup-darwin-arm64@4.12.0:
    resolution: {integrity: sha512-X64tZd8dRE/QTrBIEs63kaOBG0b5GVEd3ccoLtyf6IdXtHdh8h+I56C2yC3PtC9Ucnv0CpNFJLqKFVgCYe0lOQ==}
    cpu: [arm64]
    os: [darwin]
    requiresBuild: true
    dev: true
    optional: true

  /@rollup/rollup-darwin-x64@4.12.0:
    resolution: {integrity: sha512-cc71KUZoVbUJmGP2cOuiZ9HSOP14AzBAThn3OU+9LcA1+IUqswJyR1cAJj3Mg55HbjZP6OLAIscbQsQLrpgTOg==}
    cpu: [x64]
    os: [darwin]
    requiresBuild: true
    dev: true
    optional: true

  /@rollup/rollup-linux-arm-gnueabihf@4.12.0:
    resolution: {integrity: sha512-a6w/Y3hyyO6GlpKL2xJ4IOh/7d+APaqLYdMf86xnczU3nurFTaVN9s9jOXQg97BE4nYm/7Ga51rjec5nfRdrvA==}
    cpu: [arm]
    os: [linux]
    requiresBuild: true
    dev: true
    optional: true

  /@rollup/rollup-linux-arm64-gnu@4.12.0:
    resolution: {integrity: sha512-0fZBq27b+D7Ar5CQMofVN8sggOVhEtzFUwOwPppQt0k+VR+7UHMZZY4y+64WJ06XOhBTKXtQB/Sv0NwQMXyNAA==}
    cpu: [arm64]
    os: [linux]
    requiresBuild: true
    dev: true
    optional: true

  /@rollup/rollup-linux-arm64-musl@4.12.0:
    resolution: {integrity: sha512-eTvzUS3hhhlgeAv6bfigekzWZjaEX9xP9HhxB0Dvrdbkk5w/b+1Sxct2ZuDxNJKzsRStSq1EaEkVSEe7A7ipgQ==}
    cpu: [arm64]
    os: [linux]
    requiresBuild: true
    dev: true
    optional: true

  /@rollup/rollup-linux-riscv64-gnu@4.12.0:
    resolution: {integrity: sha512-ix+qAB9qmrCRiaO71VFfY8rkiAZJL8zQRXveS27HS+pKdjwUfEhqo2+YF2oI+H/22Xsiski+qqwIBxVewLK7sw==}
    cpu: [riscv64]
    os: [linux]
    requiresBuild: true
    dev: true
    optional: true

  /@rollup/rollup-linux-x64-gnu@4.12.0:
    resolution: {integrity: sha512-TenQhZVOtw/3qKOPa7d+QgkeM6xY0LtwzR8OplmyL5LrgTWIXpTQg2Q2ycBf8jm+SFW2Wt/DTn1gf7nFp3ssVA==}
    cpu: [x64]
    os: [linux]
    requiresBuild: true
    dev: true
    optional: true

  /@rollup/rollup-linux-x64-musl@4.12.0:
    resolution: {integrity: sha512-LfFdRhNnW0zdMvdCb5FNuWlls2WbbSridJvxOvYWgSBOYZtgBfW9UGNJG//rwMqTX1xQE9BAodvMH9tAusKDUw==}
    cpu: [x64]
    os: [linux]
    requiresBuild: true
    dev: true
    optional: true

  /@rollup/rollup-win32-arm64-msvc@4.12.0:
    resolution: {integrity: sha512-JPDxovheWNp6d7AHCgsUlkuCKvtu3RB55iNEkaQcf0ttsDU/JZF+iQnYcQJSk/7PtT4mjjVG8N1kpwnI9SLYaw==}
    cpu: [arm64]
    os: [win32]
    requiresBuild: true
    dev: true
    optional: true

  /@rollup/rollup-win32-ia32-msvc@4.12.0:
    resolution: {integrity: sha512-fjtuvMWRGJn1oZacG8IPnzIV6GF2/XG+h71FKn76OYFqySXInJtseAqdprVTDTyqPxQOG9Exak5/E9Z3+EJ8ZA==}
    cpu: [ia32]
    os: [win32]
    requiresBuild: true
    dev: true
    optional: true

  /@rollup/rollup-win32-x64-msvc@4.12.0:
    resolution: {integrity: sha512-ZYmr5mS2wd4Dew/JjT0Fqi2NPB/ZhZ2VvPp7SmvPZb4Y1CG/LRcS6tcRo2cYU7zLK5A7cdbhWnnWmUjoI4qapg==}
    cpu: [x64]
    os: [win32]
    requiresBuild: true
    dev: true
    optional: true

  /@types/estree@1.0.5:
    resolution: {integrity: sha512-/kYRxGDLWzHOB7q+wtSUQlFrtcdUccpfy+X+9iMBpHK8QLLhx2wIPYuS5DYtR9Wa/YlZAbIovy7qVdB1Aq6Lyw==}
    dev: true

  /@types/glob@7.2.0:
    resolution: {integrity: sha512-ZUxbzKl0IfJILTS6t7ip5fQQM/J3TJYubDm3nMbgubNNYS62eXeUpoLUC8/7fJNiFYHTrGPQn7hspDUzIHX3UA==}
    dependencies:
      '@types/minimatch': 5.1.2
      '@types/node': 20.11.19
    dev: true

  /@types/minimatch@5.1.2:
    resolution: {integrity: sha512-K0VQKziLUWkVKiRVrx4a40iPaxTUefQmjtkQofBkYRcoaaL/8rhwDWww9qWbrgicNOgnpIsMxyNIUM4+n6dUIA==}
    dev: true

  /@types/node@20.11.19:
    resolution: {integrity: sha512-7xMnVEcZFu0DikYjWOlRq7NTPETrm7teqUT2WkQjrTIkEgUyyGdWsj/Zg8bEJt5TNklzbPD1X3fqfsHw3SpapQ==}
    dependencies:
      undici-types: 5.26.5
    dev: true

  /@types/ws@8.5.10:
    resolution: {integrity: sha512-vmQSUcfalpIq0R9q7uTo2lXs6eGIpt9wtnLdMv9LVpIjCA/+ufZRozlVoVelIYixx1ugCBKDhn89vnsEGOCx9A==}
    dependencies:
      '@types/node': 20.11.19
    dev: true

  /aggregate-error@3.1.0:
    resolution: {integrity: sha512-4I7Td01quW/RpocfNayFdFVk1qSuoh0E7JrbRJ16nH01HhKFQ88INq9Sd+nd72zqRySlr9BmDA8xlEJ6vJMrYA==}
    engines: {node: '>=8'}
    dependencies:
      clean-stack: 2.2.0
      indent-string: 4.0.0
    dev: true

  /array-union@2.1.0:
    resolution: {integrity: sha512-HGyxoOTYUyCM6stUe6EJgnd4EoewAI7zMdfqO+kGjnlZmBDz/cR5pf8r/cR4Wq60sL/p0IkcjUEEPwS3GFrIyw==}
    engines: {node: '>=8'}
    dev: true

  /balanced-match@1.0.2:
    resolution: {integrity: sha512-3oSeUO0TMV67hN1AmbXsK4yaqU7tjiHlbxRDZOpH0KW9+CeX4bRAaX0Anxt0tx2MrpRpWwQaPwIlISEJhYU5Pw==}
    dev: true

  /brace-expansion@1.1.11:
    resolution: {integrity: sha512-iCuPHDFgrHX7H2vEI/5xpz07zSHB00TpugqhmYtVmMO6518mCuRMoOYFldEBl0g187ufozdaHgWKcYFb61qGiA==}
    dependencies:
      balanced-match: 1.0.2
      concat-map: 0.0.1
    dev: true

  /braces@3.0.2:
    resolution: {integrity: sha512-b8um+L1RzM3WDSzvhm6gIz1yfTbBt6YTlcEKAvsmqCZZFw46z626lVj9j1yEPW33H5H+lBQpZMP1k8l+78Ha0A==}
    engines: {node: '>=8'}
    dependencies:
      fill-range: 7.0.1
    dev: true

  /bufferutil@4.0.8:
    resolution: {integrity: sha512-4T53u4PdgsXqKaIctwF8ifXlRTTmEPJ8iEPWFdGZvcf7sbwYo6FKFEX9eNNAnzFZ7EzJAQ3CJeOtCRA4rDp7Pw==}
    engines: {node: '>=6.14.2'}
    requiresBuild: true
    dependencies:
      node-gyp-build: 4.8.0
    dev: false

  /clean-stack@2.2.0:
    resolution: {integrity: sha512-4diC9HaTE+KRAMWhDhrGOECgWZxoevMc5TlkObMqNSsVU62PYzXZ/SMTjzyGAFF1YusgxGcSWTEXBhp0CPwQ1A==}
    engines: {node: '>=6'}
    dev: true

  /concat-map@0.0.1:
    resolution: {integrity: sha512-/Srv4dswyQNBfohGpz9o6Yb3Gz3SrUDqBH5rTuhGR7ahtlbYKnVxw2bCFMRljaA7EXHaXZ8wsHdodFvbkhKmqg==}
    dev: true

  /del@5.1.0:
    resolution: {integrity: sha512-wH9xOVHnczo9jN2IW68BabcecVPxacIA3g/7z6vhSU/4stOKQzeCRK0yD0A24WiAAUJmmVpWqrERcTxnLo3AnA==}
    engines: {node: '>=8'}
    dependencies:
      globby: 10.0.2
      graceful-fs: 4.2.11
      is-glob: 4.0.3
      is-path-cwd: 2.2.0
      is-path-inside: 3.0.3
      p-map: 3.0.0
      rimraf: 3.0.2
      slash: 3.0.0
    dev: true

  /dir-glob@3.0.1:
    resolution: {integrity: sha512-WkrWp9GR4KXfKGYzOLmTuGVi1UWFfws377n9cc55/tb6DuqyF6pcQ5AbiHEshaDpY9v6oaSr2XCDidGmMwdzIA==}
    engines: {node: '>=8'}
    dependencies:
      path-type: 4.0.0
    dev: true

  /estree-walker@2.0.2:
    resolution: {integrity: sha512-Rfkk/Mp/DL7JVje3u18FxFujQlTNR2q6QfMSMB7AvCBx91NGj/ba3kCfza0f6dVDbw7YlRf/nDrn7pQrCCyQ/w==}
    dev: true

  /fast-glob@3.3.2:
    resolution: {integrity: sha512-oX2ruAFQwf/Orj8m737Y5adxDQO0LAB7/S5MnxCdTNDd4p6BsyIVsv9JQsATbTSq8KHRpLwIHbVlUNatxd+1Ow==}
    engines: {node: '>=8.6.0'}
    dependencies:
      '@nodelib/fs.stat': 2.0.5
      '@nodelib/fs.walk': 1.2.8
      glob-parent: 5.1.2
      merge2: 1.4.1
      micromatch: 4.0.5
    dev: true

  /fastq@1.17.1:
    resolution: {integrity: sha512-sRVD3lWVIXWg6By68ZN7vho9a1pQcN/WBFaAAsDDFzlJjvoGx0P8z7V1t72grFJfJhu3YPZBuu25f7Kaw2jN1w==}
    dependencies:
      reusify: 1.0.4
    dev: true

  /fill-range@7.0.1:
    resolution: {integrity: sha512-qOo9F+dMUmC2Lcb4BbVvnKJxTPjCm+RRpe4gDuGrzkL7mEVl/djYSu2OdQ2Pa302N4oqkSg9ir6jaLWJ2USVpQ==}
    engines: {node: '>=8'}
    dependencies:
      to-regex-range: 5.0.1
    dev: true

  /fs.realpath@1.0.0:
    resolution: {integrity: sha512-OO0pH2lK6a0hZnAdau5ItzHPI6pUlvI7jMVnxUQRtw4owF2wk8lOSabtGDCTP4Ggrg2MbGnWO9X8K1t4+fGMDw==}
    dev: true

  /fsevents@2.3.3:
    resolution: {integrity: sha512-5xoDfX+fL7faATnagmWPpbFtwh/R77WmMMqqHGS65C3vvB0YHrgF+B1YmZ3441tMj5n63k0212XNoJwzlhffQw==}
    engines: {node: ^8.16.0 || ^10.6.0 || >=11.0.0}
    os: [darwin]
    requiresBuild: true
    dev: true
    optional: true

  /function-bind@1.1.2:
    resolution: {integrity: sha512-7XHNxH7qX9xG5mIwxkhumTox/MIRNcOgDrxWsMt2pAr23WHp6MrRlN7FBSFpCpr+oVO0F744iUgR82nJMfG2SA==}
    dev: true

  /glob-parent@5.1.2:
    resolution: {integrity: sha512-AOIgSQCepiJYwP3ARnGx+5VnTu2HBYdzbGP45eLw1vr3zB3vZLeyed1sC9hnbcOc9/SrMyM5RPQrkGz4aS9Zow==}
    engines: {node: '>= 6'}
    dependencies:
      is-glob: 4.0.3
    dev: true

  /glob@7.2.3:
    resolution: {integrity: sha512-nFR0zLpU2YCaRxwoCJvL6UvCH2JFyFVIvwTLsIf21AuHlMskA1hhTdk+LlYJtOlYt9v6dvszD2BGRqBL+iQK9Q==}
    dependencies:
      fs.realpath: 1.0.0
      inflight: 1.0.6
      inherits: 2.0.4
      minimatch: 3.1.2
      once: 1.4.0
      path-is-absolute: 1.0.1
    dev: true

  /globby@10.0.2:
    resolution: {integrity: sha512-7dUi7RvCoT/xast/o/dLN53oqND4yk0nsHkhRgn9w65C4PofCLOoJ39iSOg+qVDdWQPIEj+eszMHQ+aLVwwQSg==}
    engines: {node: '>=8'}
    dependencies:
      '@types/glob': 7.2.0
      array-union: 2.1.0
      dir-glob: 3.0.1
      fast-glob: 3.3.2
      glob: 7.2.3
      ignore: 5.3.1
      merge2: 1.4.1
      slash: 3.0.0
    dev: true

  /graceful-fs@4.2.11:
    resolution: {integrity: sha512-RbJ5/jmFcNNCcDV5o9eTnBLJ/HszWV0P73bc+Ff4nS/rJj+YaS6IGyiOL0VoBYX+l1Wrl3k63h/KrH+nhJ0XvQ==}
    dev: true

  /hasown@2.0.1:
    resolution: {integrity: sha512-1/th4MHjnwncwXsIW6QMzlvYL9kG5e/CpVvLRZe4XPa8TOUNbCELqmvhDmnkNsAjwaG4+I8gJJL0JBvTTLO9qA==}
    engines: {node: '>= 0.4'}
    dependencies:
      function-bind: 1.1.2
    dev: true

  /ignore@5.3.1:
    resolution: {integrity: sha512-5Fytz/IraMjqpwfd34ke28PTVMjZjJG2MPn5t7OE4eUCUNf8BAa7b5WUS9/Qvr6mwOQS7Mk6vdsMno5he+T8Xw==}
    engines: {node: '>= 4'}
    dev: true

  /indent-string@4.0.0:
    resolution: {integrity: sha512-EdDDZu4A2OyIK7Lr/2zG+w5jmbuk1DVBnEwREQvBzspBJkCEbRa8GxU1lghYcaGJCnRWibjDXlq779X1/y5xwg==}
    engines: {node: '>=8'}
    dev: true

  /inflight@1.0.6:
    resolution: {integrity: sha512-k92I/b08q4wvFscXCLvqfsHCrjrF7yiXsQuIVvVE7N82W3+aqpzuUdBbfhWcy/FZR3/4IgflMgKLOsvPDrGCJA==}
    dependencies:
      once: 1.4.0
      wrappy: 1.0.2
    dev: true

  /inherits@2.0.4:
    resolution: {integrity: sha512-k/vGaX4/Yla3WzyMCvTQOXYeIHvqOKtnqBduzTHpzpQZzAskKMhZ2K+EnBiSM9zGSoIFeMpXKxa4dYeZIQqewQ==}
    dev: true

  /is-core-module@2.13.1:
    resolution: {integrity: sha512-hHrIjvZsftOsvKSn2TRYl63zvxsgE0K+0mYMoH6gD4omR5IWB2KynivBQczo3+wF1cCkjzvptnI9Q0sPU66ilw==}
    dependencies:
      hasown: 2.0.1
    dev: true

  /is-extglob@2.1.1:
    resolution: {integrity: sha512-SbKbANkN603Vi4jEZv49LeVJMn4yGwsbzZworEoyEiutsN3nJYdbO36zfhGJ6QEDpOZIFkDtnq5JRxmvl3jsoQ==}
    engines: {node: '>=0.10.0'}
    dev: true

  /is-glob@4.0.3:
    resolution: {integrity: sha512-xelSayHH36ZgE7ZWhli7pW34hNbNl8Ojv5KVmkJD4hBdD3th8Tfk9vYasLM+mXWOZhFkgZfxhLSnrwRr4elSSg==}
    engines: {node: '>=0.10.0'}
    dependencies:
      is-extglob: 2.1.1
    dev: true

  /is-number@7.0.0:
    resolution: {integrity: sha512-41Cifkg6e8TylSpdtTpeLVMqvSBEVzTttHvERD741+pnZ8ANv0004MRL43QKPDlK9cGvNp6NZWZUBlbGXYxxng==}
    engines: {node: '>=0.12.0'}
    dev: true

  /is-path-cwd@2.2.0:
    resolution: {integrity: sha512-w942bTcih8fdJPJmQHFzkS76NEP8Kzzvmw92cXsazb8intwLqPibPPdXf4ANdKV3rYMuuQYGIWtvz9JilB3NFQ==}
    engines: {node: '>=6'}
    dev: true

  /is-path-inside@3.0.3:
    resolution: {integrity: sha512-Fd4gABb+ycGAmKou8eMftCupSir5lRxqf4aD/vd0cD2qc4HL07OjCeuHMr8Ro4CoMaeCKDB0/ECBOVWjTwUvPQ==}
    engines: {node: '>=8'}
    dev: true

  /merge2@1.4.1:
    resolution: {integrity: sha512-8q7VEgMJW4J8tcfVPy8g09NcQwZdbwFEqhe/WZkoIzjn/3TGDwtOCYtXGxA3O8tPzpczCCDgv+P2P5y00ZJOOg==}
    engines: {node: '>= 8'}
    dev: true

  /micromatch@4.0.5:
    resolution: {integrity: sha512-DMy+ERcEW2q8Z2Po+WNXuw3c5YaUSFjAO5GsJqfEl7UjvtIuFKO6ZrKvcItdy98dwFI2N1tg3zNIdKaQT+aNdA==}
    engines: {node: '>=8.6'}
    dependencies:
      braces: 3.0.2
      picomatch: 2.3.1
    dev: true

  /minimatch@3.1.2:
    resolution: {integrity: sha512-J7p63hRiAjw1NDEww1W7i37+ByIrOWO5XQQAzZ3VOcL0PNybwpfmV/N05zFAzwQ9USyEcX6t3UO+K5aqBQOIHw==}
    dependencies:
      brace-expansion: 1.1.11
    dev: true

  /node-gyp-build@4.8.0:
    resolution: {integrity: sha512-u6fs2AEUljNho3EYTJNBfImO5QTo/J/1Etd+NVdCj7qWKUSN/bSLkZwhDv7I+w/MSC6qJ4cknepkAYykDdK8og==}
    hasBin: true
    requiresBuild: true
    dev: false

  /once@1.4.0:
    resolution: {integrity: sha512-lNaJgI+2Q5URQBkccEKHTQOPaXdUxnZZElQTZY0MFUAuaEqe1E+Nyvgdz/aIyNi6Z9MzO5dv1H8n58/GELp3+w==}
    dependencies:
      wrappy: 1.0.2
    dev: true

  /p-map@3.0.0:
    resolution: {integrity: sha512-d3qXVTF/s+W+CdJ5A29wywV2n8CQQYahlgz2bFiA+4eVNJbHJodPZ+/gXwPGh0bOqA+j8S+6+ckmvLGPk1QpxQ==}
    engines: {node: '>=8'}
    dependencies:
      aggregate-error: 3.1.0
    dev: true

  /path-is-absolute@1.0.1:
    resolution: {integrity: sha512-AVbw3UJ2e9bq64vSaS9Am0fje1Pa8pbGqTTsmXfaIiMpnr5DlDhfJOuLj9Sf95ZPVDAUerDfEk88MPmPe7UCQg==}
    engines: {node: '>=0.10.0'}
    dev: true

  /path-parse@1.0.7:
    resolution: {integrity: sha512-LDJzPVEEEPR+y48z93A0Ed0yXb8pAByGWo/k5YYdYgpY2/2EsOsksJrq7lOHxryrVOn1ejG6oAp8ahvOIQD8sw==}
    dev: true

  /path-type@4.0.0:
    resolution: {integrity: sha512-gDKb8aZMDeD/tZWs9P6+q0J9Mwkdl6xMV8TjnGP3qJVJ06bdMgkbBlLU8IdfOsIsFz2BW1rNVT3XuNEl8zPAvw==}
    engines: {node: '>=8'}
    dev: true

  /picomatch@2.3.1:
    resolution: {integrity: sha512-JU3teHTNjmE2VCGFzuY8EXzCDVwEqB2a8fsIvwaStHhAWJEeVd1o1QD80CU6+ZdEXXSLbSsuLwJjkCBWqRQUVA==}
    engines: {node: '>=8.6'}
    dev: true

  /poolifier@3.1.20:
    resolution: {integrity: sha512-UmT6eHbCwb22J+8cDtcjPJaDc7CMpNaTtJ+7QArTOo6F1DMApXBJny8qGllhwYpAscJT6VoMVoQlN1EHksdQOw==}
    engines: {node: '>=18.0.0', pnpm: '>=8.6.0'}
    requiresBuild: true
    dev: false

  /queue-microtask@1.2.3:
    resolution: {integrity: sha512-NuaNSa6flKT5JaSYQzJok04JzTL1CA6aGhv5rfLW3PgqA+M2ChpZQnAC8h8i4ZFkBS8X5RqkDBHA7r4hej3K9A==}
    dev: true

  /resolve@1.22.8:
    resolution: {integrity: sha512-oKWePCxqpd6FlLvGV1VU0x7bkPmmCNolxzjMf4NczoDnQcIWrAF+cPtZn5i6n+RfD2d9i0tzpKnG6Yk168yIyw==}
    hasBin: true
    dependencies:
      is-core-module: 2.13.1
      path-parse: 1.0.7
      supports-preserve-symlinks-flag: 1.0.0
    dev: true

  /reusify@1.0.4:
    resolution: {integrity: sha512-U9nH88a3fc/ekCF1l0/UP1IosiuIjyTh7hBvXVMHYgVcfGvt897Xguj2UOLDeI5BG2m7/uwyaLVT6fbtCwTyzw==}
    engines: {iojs: '>=1.0.0', node: '>=0.10.0'}
    dev: true

  /rimraf@3.0.2:
    resolution: {integrity: sha512-JZkJMZkAGFFPP2YqXZXPbMlMBgsxzE8ILs4lMIX/2o0L9UBw9O/Y3o6wFw/i9YLapcUJWwqbi3kdxIPdC62TIA==}
    hasBin: true
    dependencies:
      glob: 7.2.3
    dev: true

  /rollup-plugin-delete@2.0.0:
    resolution: {integrity: sha512-/VpLMtDy+8wwRlDANuYmDa9ss/knGsAgrDhM+tEwB1npHwNu4DYNmDfUL55csse/GHs9Q+SMT/rw9uiaZ3pnzA==}
    engines: {node: '>=10'}
    dependencies:
      del: 5.1.0
    dev: true

  /rollup@4.12.0:
    resolution: {integrity: sha512-wz66wn4t1OHIJw3+XU7mJJQV/2NAfw5OAk6G6Hoo3zcvz/XOfQ52Vgi+AN4Uxoxi0KBBwk2g8zPrTDA4btSB/Q==}
    engines: {node: '>=18.0.0', npm: '>=8.0.0'}
    hasBin: true
    dependencies:
      '@types/estree': 1.0.5
    optionalDependencies:
      '@rollup/rollup-android-arm-eabi': 4.12.0
      '@rollup/rollup-android-arm64': 4.12.0
      '@rollup/rollup-darwin-arm64': 4.12.0
      '@rollup/rollup-darwin-x64': 4.12.0
      '@rollup/rollup-linux-arm-gnueabihf': 4.12.0
      '@rollup/rollup-linux-arm64-gnu': 4.12.0
      '@rollup/rollup-linux-arm64-musl': 4.12.0
      '@rollup/rollup-linux-riscv64-gnu': 4.12.0
      '@rollup/rollup-linux-x64-gnu': 4.12.0
      '@rollup/rollup-linux-x64-musl': 4.12.0
      '@rollup/rollup-win32-arm64-msvc': 4.12.0
      '@rollup/rollup-win32-ia32-msvc': 4.12.0
      '@rollup/rollup-win32-x64-msvc': 4.12.0
      fsevents: 2.3.3
    dev: true

  /run-parallel@1.2.0:
    resolution: {integrity: sha512-5l4VyZR86LZ/lDxZTR6jqL8AFE2S0IFLMP26AbjsLVADxHdhB/c0GUsH+y39UfCi3dzz8OlQuPmnaJOMoDHQBA==}
    dependencies:
      queue-microtask: 1.2.3
    dev: true

  /slash@3.0.0:
    resolution: {integrity: sha512-g9Q1haeby36OSStwb4ntCGGGaKsaVSjQ68fBxoQcutl5fS1vuY18H3wSt3jFyFtrkx+Kz0V1G85A4MyAdDMi2Q==}
    engines: {node: '>=8'}
    dev: true

  /supports-preserve-symlinks-flag@1.0.0:
    resolution: {integrity: sha512-ot0WnXS9fgdkgIcePe6RHNk1WA8+muPa6cSjeR3V8K27q9BB1rTE3R1p7Hv0z1ZyAc8s6Vvv8DIyWf681MAt0w==}
    engines: {node: '>= 0.4'}
    dev: true

  /to-regex-range@5.0.1:
    resolution: {integrity: sha512-65P7iz6X5yEr1cwcgvQxbbIw7Uk3gOy5dIdtZ4rDveLqhrdJP+Li/Hx6tyK0NEb+2GCyneCMJiGqrADCSNk8sQ==}
    engines: {node: '>=8.0'}
    dependencies:
      is-number: 7.0.0
    dev: true

  /tslib@2.6.2:
    resolution: {integrity: sha512-AEYxH93jGFPn/a2iVAwW87VuUIkR1FVUKB77NwMF7nBTDkDrrT/Hpt/IrCJ0QXhW27jTBDcf5ZY7w6RiqTMw2Q==}
    dev: true

  /typescript@5.3.3:
    resolution: {integrity: sha512-pXWcraxM0uxAS+tN0AG/BF2TyqmHO014Z070UsJ+pFvYuRSq8KH8DmWpnbXe0pEPDHXZV3FcAbJkijJ5oNEnWw==}
    engines: {node: '>=14.17'}
    hasBin: true
    dev: true

  /undici-types@5.26.5:
    resolution: {integrity: sha512-JlCMO+ehdEIKqlFxk6IfVoAUVmgz7cU7zD/h9XZ0qzeosSHmUJVOzSQvvYSYWXkFXC+IfLKSIffhv0sVZup6pA==}
    dev: true

  /utf-8-validate@6.0.3:
    resolution: {integrity: sha512-uIuGf9TWQ/y+0Lp+KGZCMuJWc3N9BHA+l/UmHd/oUHwJJDeysyTRxNQVkbzsIWfGFbRe3OcgML/i0mvVRPOyDA==}
    engines: {node: '>=6.14.2'}
    requiresBuild: true
    dependencies:
      node-gyp-build: 4.8.0
    dev: false

  /wrappy@1.0.2:
    resolution: {integrity: sha512-l4Sp/DRseor9wL6EvV2+TuQn63dMkPjZ/sp9XkghTEbV9KlPS1xUsZ3u7/IQO4wxtcFB4bgpQPRcR3QCvezPcQ==}
    dev: true

  /ws@8.16.0(bufferutil@4.0.8)(utf-8-validate@6.0.3):
    resolution: {integrity: sha512-HS0c//TP7Ina87TfiPUz1rQzMhHrl/SG2guqRcTOIUYD2q8uhUdNHZYJUaQ8aTGPzCh+c6oawMKW35nFl1dxyQ==}
    engines: {node: '>=10.0.0'}
    peerDependencies:
      bufferutil: ^4.0.1
      utf-8-validate: '>=5.0.2'
    peerDependenciesMeta:
      bufferutil:
        optional: true
      utf-8-validate:
        optional: true
    dependencies:
      bufferutil: 4.0.8
      utf-8-validate: 6.0.3
    dev: false
