lockfileVersion: '6.0'

dependencies:
  microjob:
    specifier: 0.7.0
    version: 0.7.0
  node-worker-threads-pool:
    specifier: 1.5.1
    version: 1.5.1
  piscina:
    specifier: 3.2.0
    version: 3.2.0
  poolifier:
    specifier: 2.4.11
    version: 2.4.11
  threads:
    specifier: 1.7.0
    version: 1.7.0
  threadwork:
    specifier: 0.6.0
    version: 0.6.0
  worker-nodes:
    specifier: 2.4.0
    version: 2.4.0
  workerpool:
    specifier: 6.4.0
    version: 6.4.0

packages:

  /@assemblyscript/loader@0.10.1:
    resolution: {integrity: sha512-H71nDOOL8Y7kWRLqf6Sums+01Q5msqBW2KhDUTemh1tvY04eSkSXrK0uj/4mmY0Xr16/3zyZmsrxN7CKuRbNRg==}
    dev: false

  /base64-js@1.5.1:
    resolution: {integrity: sha512-AKpaYlHn8t4SVbOHCy+b5+KKgvR4vrsD8vbvrbiQJps7fKDTkjkDry6ji0rUJjC0kzbNePLwzxq8iypo41qeWA==}
    dev: false

  /callsites@3.1.0:
    resolution: {integrity: sha512-P8BjAsXvZS+VIDUI11hHCQEv74YT67YUi5JJFNWIqL235sBmjX4+qx9Muvls5ivyNENctx46xQLQ3aTuE7ssaQ==}
    engines: {node: '>=6'}
    dev: false

  /debug@4.3.4:
    resolution: {integrity: sha512-PRWFHuSU3eDtQJPvnNY7Jcket1j0t5OuOsFzPPzsekD52Zl8qUfFIPEiswXqIvHWGVHOgX+7G/vCNNhehwxfkQ==}
    engines: {node: '>=6.0'}
    peerDependencies:
      supports-color: '*'
    peerDependenciesMeta:
      supports-color:
        optional: true
    dependencies:
      ms: 2.1.2
    dev: false

  /esm@3.2.25:
    resolution: {integrity: sha512-U1suiZ2oDVWv4zPO56S0NcR5QriEahGtdN2OR6FiOG4WJvcjBVFB0qI4+eKoWFH483PKGuLuu6V8Z4T5g63UVA==}
    engines: {node: '>=6'}
    dev: false
    optional: true

  /eventemitter-asyncresource@1.0.0:
    resolution: {integrity: sha512-39F7TBIV0G7gTelxwbEqnwhp90eqCPON1k0NwNfwhgKn4Co4ybUbj2pECcXT0B3ztRKZ7Pw1JujUUgmQJHcVAQ==}
    dev: false

  /find-up@5.0.0:
    resolution: {integrity: sha512-78/PXT1wlLLDgTzDs7sjq9hzz0vXD+zn+7wypEe4fXQxCmdmqfGsEPQxmiCSQI3ajFV91bVSsvNtrJRiW6nGng==}
    engines: {node: '>=10'}
    dependencies:
      locate-path: 6.0.0
      path-exists: 4.0.0
    dev: false

  /hdr-histogram-js@2.0.3:
    resolution: {integrity: sha512-Hkn78wwzWHNCp2uarhzQ2SGFLU3JY8SBDDd3TAABK4fc30wm+MuPOrg5QVFVfkKOQd6Bfz3ukJEI+q9sXEkK1g==}
    dependencies:
      '@assemblyscript/loader': 0.10.1
      base64-js: 1.5.1
      pako: 1.0.11
    dev: false

  /hdr-histogram-percentiles-obj@3.0.0:
    resolution: {integrity: sha512-7kIufnBqdsBGcSZLPJwqHT3yhk1QTsSlFsVD3kx5ixH/AlgBs9yM1q6DPhXZ8f8gtdqgh7N7/5btRLpQsS2gHw==}
    dev: false

  /is-observable@2.1.0:
    resolution: {integrity: sha512-DailKdLb0WU+xX8K5w7VsJhapwHLZ9jjmazqCJq4X12CTgqq73TKnbRcnSLuXYPOoLQgV5IrD7ePiX/h1vnkBw==}
    engines: {node: '>=8'}
    dev: false

  /locate-path@6.0.0:
    resolution: {integrity: sha512-iPZK6eYjbxRu3uB4/WZ3EsEIMJFMqAoopl3R+zuq0UjcAm/MO6KCweDgPfP3elTztoKP3KtnVHxTn2NHBSDVUw==}
    engines: {node: '>=10'}
    dependencies:
      p-locate: 5.0.0
    dev: false

  /microjob@0.7.0:
    resolution: {integrity: sha512-ofDpqaVEv67ymCYdCE8eIVMCJY0H/hAtGxYmi1pXjtNkLOM0UUuUDshA1YLdVFwPwwt5+SW9EbBtSfsNokf+PA==}
    engines: {node: '>=10.5.0', npm: '>= 6.0.0'}
    dev: false

  /ms@2.1.2:
    resolution: {integrity: sha512-sGkPx+VjMtmA6MX27oA4FBFELFCZZ4S4XqeGOXCv68tT+jb3vk/RyaKWP0PTKyWtmLSM0b+adUTEvbs1PEaH2w==}
    dev: false

  /nice-napi@1.0.2:
    resolution: {integrity: sha512-px/KnJAJZf5RuBGcfD+Sp2pAKq0ytz8j+1NehvgIGFkvtvFrDM3T8E4x/JJODXK9WZow8RRGrbA9QQ3hs+pDhA==}
    os: ['!win32']
    requiresBuild: true
    dependencies:
      node-addon-api: 3.2.1
      node-gyp-build: 4.6.0
    dev: false
    optional: true

  /node-addon-api@3.2.1:
    resolution: {integrity: sha512-mmcei9JghVNDYydghQmeDX8KoAm0FAiYyIcUt/N4nhyAipB17pllZQDOJD2fotxABnt4Mdz+dKTO7eftLg4d0A==}
    dev: false
    optional: true

  /node-gyp-build@4.6.0:
    resolution: {integrity: sha512-NTZVKn9IylLwUzaKjkas1e4u2DLNcV4rdYagA4PWdPwW87Bi7z+BznyKSRwS/761tV/lzCGXplWsiaMjLqP2zQ==}
    hasBin: true
    dev: false
    optional: true

  /node-worker-threads-pool@1.5.1:
    resolution: {integrity: sha512-7TXAhpMm+jO4MfESxYLtMGSnJWv+itdNHMdaFmeZuPXxwFGU90mtEB42BciUULXOUAxYBfXILAuvrSG3rQZ7mw==}
    dev: false

  /observable-fns@0.6.1:
    resolution: {integrity: sha512-9gRK4+sRWzeN6AOewNBTLXir7Zl/i3GB6Yl26gK4flxz8BXVpD3kt8amREmWNb0mxYOGDotvE5a4N+PtGGKdkg==}
    dev: false

  /p-limit@3.1.0:
    resolution: {integrity: sha512-TYOanM3wGwNGsZN2cVTYPArw454xnXj5qmWF1bEoAc4+cU/ol7GVh7odevjp1FNHduHc3KZMcFduxU5Xc6uJRQ==}
    engines: {node: '>=10'}
    dependencies:
      yocto-queue: 0.1.0
    dev: false

  /p-locate@5.0.0:
    resolution: {integrity: sha512-LaNjtRWUBY++zB5nE/NwcaoMylSPk+S+ZHNB1TzdbMJMny6dynpAGt7X/tl/QYq3TIeE6nxHppbo2LGymrG5Pw==}
    engines: {node: '>=10'}
    dependencies:
      p-limit: 3.1.0
    dev: false

  /pako@1.0.11:
    resolution: {integrity: sha512-4hLB8Py4zZce5s4yd9XzopqwVv/yGNhV1Bl8NTmCq1763HeK2+EwVTv+leGeL13Dnh2wfbqowVPXCIO0z4taYw==}
    dev: false

  /path-exists@4.0.0:
    resolution: {integrity: sha512-ak9Qy5Q7jYb2Wwcey5Fpvg2KoAc/ZIhLSLOSBmRmygPsGwkVVt0fZa0qrtMz+m6tJTAHfZQ8FnmB4MG4LWy7/w==}
    engines: {node: '>=8'}
    dev: false

  /piscina@3.2.0:
    resolution: {integrity: sha512-yn/jMdHRw+q2ZJhFhyqsmANcbF6V2QwmD84c6xRau+QpQOmtrBCoRGdvTfeuFDYXB5W2m6MfLkjkvQa9lUSmIA==}
    dependencies:
      eventemitter-asyncresource: 1.0.0
      hdr-histogram-js: 2.0.3
      hdr-histogram-percentiles-obj: 3.0.0
    optionalDependencies:
      nice-napi: 1.0.2
    dev: false

  /pkg-dir@5.0.0:
    resolution: {integrity: sha512-NPE8TDbzl/3YQYY7CSS228s3g2ollTFnc+Qi3tqmqJp9Vg2ovUpixcJEo2HJScN2Ez+kEaal6y70c0ehqJBJeA==}
    engines: {node: '>=10'}
    dependencies:
      find-up: 5.0.0
    dev: false

  /poolifier@2.4.11:
    resolution: {integrity: sha512-ZGeWwqmAqZgQ71gpqEpjGimzSFLz7nYbEUS1eWTfSnDoTpkpPp9sVlCTia6SvJw7OECawAEK2QrE3chsZGwXbQ==}
    engines: {node: '>=16.0.0', pnpm: '>= 8.0.0'}
    requiresBuild: true
    dev: false

  /threads@1.7.0:
    resolution: {integrity: sha512-Mx5NBSHX3sQYR6iI9VYbgHKBLisyB+xROCBGjjWm1O9wb9vfLxdaGtmT/KCjUqMsSNW6nERzCW3T6H43LqjDZQ==}
    dependencies:
      callsites: 3.1.0
      debug: 4.3.4
      is-observable: 2.1.0
      observable-fns: 0.6.1
    optionalDependencies:
      tiny-worker: 2.3.0
    transitivePeerDependencies:
      - supports-color
    dev: false

  /threadwork@0.6.0:
    resolution: {integrity: sha512-NzKDArTtcSAq0jlMdiC04+fuls5nWn1ziptmMTBwPyjKxZk+aQvw/LVVf3IW3tUKz4vLGJ2XE+PXDMoJuoNEfQ==}
    engines: {node: '>=12'}
    dependencies:
      callsites: 3.1.0
      pkg-dir: 5.0.0
    dev: false

  /tiny-worker@2.3.0:
    resolution: {integrity: sha512-pJ70wq5EAqTAEl9IkGzA+fN0836rycEuz2Cn6yeZ6FRzlVS5IDOkFHpIoEsksPRQV34GDqXm65+OlnZqUSyK2g==}
    requiresBuild: true
    dependencies:
      esm: 3.2.25
    dev: false
    optional: true

  /worker-nodes@2.4.0:
    resolution: {integrity: sha512-s32ziQpiWkWbB/ziFKiudpm5/mreSnwpTtKzPxgcPXpl+kXpesiibjM/2Z8i/lDO8kDCUio7wQFXtndopgfsUg==}
    engines: {node: '>=11.7.0'}
    dev: false

  /workerpool@6.4.0:
    resolution: {integrity: sha512-i3KR1mQMNwY2wx20ozq2EjISGtQWDIfV56We+yGJ5yDs8jTwQiLLaqHlkBHITlCuJnYlVRmXegxFxZg7gqI++A==}
    dev: false

  /yocto-queue@0.1.0:
    resolution: {integrity: sha512-rVksvsnNCdJ/ohGc6xgPwyN8eheCxsiLM8mxuE/t/mOVqJewPuO1miLpTHQiRgTKCLexL4MeAFVagts7HmNZ2Q==}
    engines: {node: '>=10'}
    dev: false
