lockfileVersion: '6.0'

settings:
  autoInstallPeers: true
  excludeLinksFromLockfile: false

dependencies:
  nanothreads:
    specifier: 0.3.7
    version: 0.3.7
  node-worker-threads-pool:
    specifier: 1.5.1
    version: 1.5.1
  piscina:
    specifier: 4.1.0
    version: 4.1.0
  poolifier:
    specifier: 2.6.45
    version: 2.6.45
  tinypool:
    specifier: 0.8.1
    version: 0.8.1
  worker-nodes:
    specifier: 2.6.0
    version: 2.6.0
  workerpool:
    specifier: 6.5.0
    version: 6.5.0

packages:

  /@assemblyscript/loader@0.10.1:
    resolution: {integrity: sha512-H71nDOOL8Y7kWRLqf6Sums+01Q5msqBW2KhDUTemh1tvY04eSkSXrK0uj/4mmY0Xr16/3zyZmsrxN7CKuRbNRg==}
    dev: false

  /base64-js@1.5.1:
    resolution: {integrity: sha512-AKpaYlHn8t4SVbOHCy+b5+KKgvR4vrsD8vbvrbiQJps7fKDTkjkDry6ji0rUJjC0kzbNePLwzxq8iypo41qeWA==}
    dev: false

  /event-lite@0.1.3:
    resolution: {integrity: sha512-8qz9nOz5VeD2z96elrEKD2U433+L3DWdUdDkOINLGOJvx1GsMBbMn0aCeu28y8/e85A6mCigBiFlYMnTBEGlSw==}
    dev: false

  /eventemitter-asyncresource@1.0.0:
    resolution: {integrity: sha512-39F7TBIV0G7gTelxwbEqnwhp90eqCPON1k0NwNfwhgKn4Co4ybUbj2pECcXT0B3ztRKZ7Pw1JujUUgmQJHcVAQ==}
    dev: false

  /hdr-histogram-js@2.0.3:
    resolution: {integrity: sha512-Hkn78wwzWHNCp2uarhzQ2SGFLU3JY8SBDDd3TAABK4fc30wm+MuPOrg5QVFVfkKOQd6Bfz3ukJEI+q9sXEkK1g==}
    dependencies:
      '@assemblyscript/loader': 0.10.1
      base64-js: 1.5.1
      pako: 1.0.11
    dev: false

  /hdr-histogram-percentiles-obj@3.0.0:
    resolution: {integrity: sha512-7kIufnBqdsBGcSZLPJwqHT3yhk1QTsSlFsVD3kx5ixH/AlgBs9yM1q6DPhXZ8f8gtdqgh7N7/5btRLpQsS2gHw==}
    dev: false

  /ieee754@1.2.1:
    resolution: {integrity: sha512-dcyqhDvX1C46lXZcVqCpK+FtMRQVdIMN6/Df5js2zouUsqG7I6sFxitIC+7KYK29KdXOLHdu9zL4sFnoVQnqaA==}
    dev: false

  /int64-buffer@0.1.10:
    resolution: {integrity: sha512-v7cSY1J8ydZ0GyjUHqF+1bshJ6cnEVLo9EnjB8p+4HDRPZc9N5jjmvUV7NvEsqQOKyH0pmIBFWXVQbiS0+OBbA==}
    dev: false

  /isarray@1.0.0:
    resolution: {integrity: sha512-VLghIWNM6ELQzo7zwmcg0NmTVyWKYjvIeM83yjp0wRDTmUnrM678fQbcKBo6n2CJEF0szoG//ytg+TKla89ALQ==}
    dev: false

  /msgpack-lite@0.1.26:
    resolution: {integrity: sha512-SZ2IxeqZ1oRFGo0xFGbvBJWMp3yLIY9rlIJyxy8CGrwZn1f0ZK4r6jV/AM1r0FZMDUkWkglOk/eeKIL9g77Nxw==}
    hasBin: true
    dependencies:
      event-lite: 0.1.3
      ieee754: 1.2.1
      int64-buffer: 0.1.10
      isarray: 1.0.0
    dev: false

  /nanothreads@0.3.7:
    resolution: {integrity: sha512-l/gbxnQBeMGspLoa+JKhqDrsBtqMW4G5ElsEgbVigR5gl6IBHzBjpM7URGeu0UQN4k7DK0o+J3GmHgaXv+aDQw==}
    dev: false

  /nice-napi@1.0.2:
    resolution: {integrity: sha512-px/KnJAJZf5RuBGcfD+Sp2pAKq0ytz8j+1NehvgIGFkvtvFrDM3T8E4x/JJODXK9WZow8RRGrbA9QQ3hs+pDhA==}
    os: ['!win32']
    requiresBuild: true
    dependencies:
      node-addon-api: 3.2.1
      node-gyp-build: 4.6.1
    dev: false
    optional: true

  /node-addon-api@3.2.1:
    resolution: {integrity: sha512-mmcei9JghVNDYydghQmeDX8KoAm0FAiYyIcUt/N4nhyAipB17pllZQDOJD2fotxABnt4Mdz+dKTO7eftLg4d0A==}
    requiresBuild: true
    dev: false
    optional: true

  /node-gyp-build@4.6.1:
    resolution: {integrity: sha512-24vnklJmyRS8ViBNI8KbtK/r/DmXQMRiOMXTNz2nrTnAYUwjmEEbnnpB/+kt+yWRv73bPsSPRFddrcIbAxSiMQ==}
    hasBin: true
    requiresBuild: true
    dev: false
    optional: true

  /node-worker-threads-pool@1.5.1:
    resolution: {integrity: sha512-7TXAhpMm+jO4MfESxYLtMGSnJWv+itdNHMdaFmeZuPXxwFGU90mtEB42BciUULXOUAxYBfXILAuvrSG3rQZ7mw==}
    dev: false

  /pako@1.0.11:
    resolution: {integrity: sha512-4hLB8Py4zZce5s4yd9XzopqwVv/yGNhV1Bl8NTmCq1763HeK2+EwVTv+leGeL13Dnh2wfbqowVPXCIO0z4taYw==}
    dev: false

  /piscina@4.1.0:
    resolution: {integrity: sha512-sjbLMi3sokkie+qmtZpkfMCUJTpbxJm/wvaPzU28vmYSsTSW8xk9JcFUsbqGJdtPpIQ9tuj+iDcTtgZjwnOSig==}
    dependencies:
      eventemitter-asyncresource: 1.0.0
      hdr-histogram-js: 2.0.3
      hdr-histogram-percentiles-obj: 3.0.0
    optionalDependencies:
      nice-napi: 1.0.2
    dev: false

  /poolifier@2.6.45:
    resolution: {integrity: sha512-FiSvj+MsEoBK5M3g+38nhgM17OoeiWIDuOUI7wCSUxCGycvMc43WdIVTiuCX4uMUKVBzXaOOWw4UlEsRvPl6Xw==}
    engines: {node: '>=16.14.0', pnpm: '>=8.6.0'}
    requiresBuild: true
    dev: false

  /tinypool@0.8.1:
    resolution: {integrity: sha512-zBTCK0cCgRROxvs9c0CGK838sPkeokNGdQVUUwHAbynHFlmyJYj825f/oRs528HaIJ97lo0pLIlDUzwN+IorWg==}
    engines: {node: '>=14.0.0'}
    dev: false

  /worker-nodes@2.6.0:
    resolution: {integrity: sha512-mL4PR1fktwqYQFfzsH613MdHcfi9GeXuwvl2lWIrNvr3JMmrtBBfbbhc/qSK3oZDAQ2gTd7qZbAJktto+3ZeFw==}
    engines: {node: '>=11.7.0'}
    dependencies:
      msgpack-lite: 0.1.26
    dev: false

  /workerpool@6.5.0:
    resolution: {integrity: sha512-r64Ea3glXY2RVzMeNxB+4J+0YHAVzUdV4cM5nHi4BBC2LvnO1pWFAIYKYuGcPElbg1/7eEiaPtZ/jzCjIUuGBg==}
    dev: false
